
Microsoft Visual Studio Solution File, Format Version 12.00
# Visual Studio 15
VisualStudioVersion = 15.0.26730.15
MinimumVisualStudioVersion = 10.0.40219.1
Project("{FAE04EC0-301F-11D3-BF4B-00C04F79EFBC}") = "Infrastructure", "Infrastructure\Infrastructure.csproj", "{6971B2FC-D156-4671-B2CA-EDBC6FA3FA7F}"
EndProject
Project("{FAE04EC0-301F-11D3-BF4B-00C04F79EFBC}") = "MongoEventStore", "MongoEventStore\MongoEventStore.csproj", "{3284D4C1-8AA3-4DB8-B298-AE2D8799E01D}"
EndProject
Project("{FAE04EC0-301F-11D3-BF4B-00C04F79EFBC}") = "MongoEventStore.Tests", "MongoEventStore.Tests\MongoEventStore.Tests.csproj", "{98A81737-1038-4572-89CD-4E72140DE91A}"
EndProject
Project("{FAE04EC0-301F-11D3-BF4B-00C04F79EFBC}") = "MailMessaging", "MailMessaging\MailMessaging.csproj", "{F45B8AF9-8934-49EA-9247-F70235D9216B}"
EndProject
Project("{FAE04EC0-301F-11D3-BF4B-00C04F79EFBC}") = "Web", "Web\Web.csproj", "{A642EA1B-7E1C-46C9-956A-B954605C6D19}"
EndProject
Project("{FAE04EC0-301F-11D3-BF4B-00C04F79EFBC}") = "YearlyPlanning", "YearlyPlanning\YearlyPlanning.csproj", "{CBFEA228-DE0B-4DF9-9AEC-4373B476D171}"
EndProject
Project("{FAE04EC0-301F-11D3-BF4B-00C04F79EFBC}") = "YearlyPlanning.Contract", "YearlyPlanning.Contract\YearlyPlanning.Contract.csproj", "{563E54E5-F69C-4227-AE8A-AEAD320AEA3B}"
EndProject
Project("{2150E333-8FDC-42A3-9474-1A3956D46DE8}") = "Usefull", "Usefull", "{2F9220BE-8E27-4A28-A975-704D7CAB98FE}"
	ProjectSection(SolutionItems) = preProject
		readme.txt = readme.txt
	EndProjectSection
EndProject
Project("{FAE04EC0-301F-11D3-BF4B-00C04F79EFBC}") = "YearlyPlanning.Tests", "YearlyPlanning.Tests\YearlyPlanning.Tests.csproj", "{B6774D39-F8B6-4FF4-973B-AEC22A87F4FC}"
EndProject
Project("{FAE04EC0-301F-11D3-BF4B-00C04F79EFBC}") = "Translations", "Translations\Translations.csproj", "{7D882F35-5EAC-46AA-BC38-645A860D3DE0}"
EndProject
Project("{FAE04EC0-301F-11D3-BF4B-00C04F79EFBC}") = "ManagementDepartmentCore.Contract", "ManagementDepartmentCore.Contract\ManagementDepartmentCore.Contract.csproj", "{7CB1259C-112D-461B-A940-7379618DC5CA}"
EndProject
Project("{FAE04EC0-301F-11D3-BF4B-00C04F79EFBC}") = "ManagementDepartmentCore", "ManagementDepartmentCore\ManagementDepartmentCore.csproj", "{536B77F8-FFB7-4DE1-9C05-B1464D9EA673}"
EndProject
Project("{FAE04EC0-301F-11D3-BF4B-00C04F79EFBC}") = "FileStorage", "FileStorage\FileStorage.csproj", "{15C8DD73-FF68-431C-9367-3E175AB5D607}"
EndProject
Project("{FAE04EC0-301F-11D3-BF4B-00C04F79EFBC}") = "FileStorage.Contract", "FileStorage.Contract\FileStorage.Contract.csproj", "{99C96F09-5046-4E15-ACEC-31D7775ECB2E}"
EndProject
Project("{2150E333-8FDC-42A3-9474-1A3956D46DE8}") = "Mongo", "Mongo", "{F63ED465-7AD8-43E6-B0C6-465D88D9FEBB}"
EndProject
Project("{FAE04EC0-301F-11D3-BF4B-00C04F79EFBC}") = "Groups", "Groups\Groups.csproj", "{34BFF228-8677-431B-93C1-428BDF6C1CE9}"
EndProject
Project("{FAE04EC0-301F-11D3-BF4B-00C04F79EFBC}") = "GroupsContract", "GroupsContract\GroupsContract.csproj", "{1981AB7A-F2F4-4828-8472-48217139EA32}"
EndProject
Project("{FAE04EC0-301F-11D3-BF4B-00C04F79EFBC}") = "MongoRepository.Contract", "MongoRepository.Contract\MongoRepository.Contract.csproj", "{BD1617A5-3651-4BE2-B5F3-E249829ECC94}"
EndProject
Project("{FAE04EC0-301F-11D3-BF4B-00C04F79EFBC}") = "MongoRepository", "MongoRepository\MongoRepository.csproj", "{E2C867C0-91A8-4F02-8476-B134EFC24E2A}"
EndProject
Project("{2150E333-8FDC-42A3-9474-1A3956D46DE8}") = "Member", "Member", "{F1B8148C-C478-438E-8F26-57E717F24899}"
EndProject
Project("{FAE04EC0-301F-11D3-BF4B-00C04F79EFBC}") = "MemberCore.Authentication", "MemberCore.Authentication\MemberCore.Authentication.csproj", "{E08BDA0E-A27D-4D7A-B73B-56B2F0652F29}"
EndProject
Project("{FAE04EC0-301F-11D3-BF4B-00C04F79EFBC}") = "MemberCore", "MemberCore\MemberCore.csproj", "{9553E06C-6ACA-4A6D-B31B-1544CD10EACE}"
EndProject
Project("{FAE04EC0-301F-11D3-BF4B-00C04F79EFBC}") = "MemberCore.Contract", "MemberCore.Contract\MemberCore.Contract.csproj", "{47BC5D0C-F6C7-4C86-9F71-DFFD66CEA359}"
EndProject
Project("{2150E333-8FDC-42A3-9474-1A3956D46DE8}") = "Category", "Category", "{2064E1F2-1FE0-47FE-834B-B4D3ECA2E6B1}"
EndProject
Project("{FAE04EC0-301F-11D3-BF4B-00C04F79EFBC}") = "CategoryCore", "CategoryCore\CategoryCore.csproj", "{6AD48913-6E5E-442C-A41F-E73942A97657}"
EndProject
Project("{FAE04EC0-301F-11D3-BF4B-00C04F79EFBC}") = "CategoryCore.Contract", "CategoryCore.Contract\CategoryCore.Contract.csproj", "{7623684A-6EA0-44CF-9C5F-4C507662124E}"
EndProject
Project("{2150E333-8FDC-42A3-9474-1A3956D46DE8}") = "ManagementDepartment", "ManagementDepartment", "{5A8714AC-6C0F-4B89-82C4-60F7A6CE1C5B}"
EndProject
Project("{FAE04EC0-301F-11D3-BF4B-00C04F79EFBC}") = "MemberCore.Tests", "MemberCore.Tests\MemberCore.Tests.csproj", "{5334402E-3014-4C20-B96E-8E9DF60DFC0A}"
EndProject
Project("{FAE04EC0-301F-11D3-BF4B-00C04F79EFBC}") = "ManagementDepartmentCore.Tests", "ManagementDepartmentCore.Tests\ManagementDepartmentCore.Tests.csproj", "{C6871E42-8060-4F57-9037-FF89CDB533CA}"
EndProject
Project("{FAE04EC0-301F-11D3-BF4B-00C04F79EFBC}") = "Infrastructure.Tests", "Infrastructure.Tests\Infrastructure.Tests.csproj", "{47E4DC5C-51D0-4645-9D16-59ED65BB2342}"
EndProject
Project("{FAE04EC0-301F-11D3-BF4B-00C04F79EFBC}") = "CategoryCore.Tests", "CategoryCore.Tests\CategoryCore.Tests.csproj", "{52CC7CA2-254F-49E0-AE45-FFA426DA4289}"
EndProject
Project("{2150E333-8FDC-42A3-9474-1A3956D46DE8}") = "Group", "Group", "{6796E527-2406-4057-8988-39529CE0DF3D}"
EndProject
Project("{2150E333-8FDC-42A3-9474-1A3956D46DE8}") = "Security", "Security", "{71F31AE8-C763-4F65-BF25-A3EE28668CC7}"
EndProject
Project("{FAE04EC0-301F-11D3-BF4B-00C04F79EFBC}") = "SecurityCore", "SecurityCore\SecurityCore.csproj", "{0CF20C80-ADFC-4385-9708-92CCEE79553E}"
EndProject
Project("{FAE04EC0-301F-11D3-BF4B-00C04F79EFBC}") = "SecurityCore.Contract", "SecurityCore.Contract\SecurityCore.Contract.csproj", "{426843CB-3BAE-411D-A40F-EF9A109F97FC}"
EndProject
Project("{2150E333-8FDC-42A3-9474-1A3956D46DE8}") = "EmployeeManagement", "EmployeeManagement", "{D960BC30-13BF-41F0-8AA2-03CC5F5743F1}"
EndProject
Project("{FAE04EC0-301F-11D3-BF4B-00C04F79EFBC}") = "AbsenceTemplatesCore", "EmployeeManagementCore\AbsenceTemplatesCore.csproj", "{3C8E43EA-F4FD-435C-A713-4C6DBC7D9689}"
EndProject
Project("{FAE04EC0-301F-11D3-BF4B-00C04F79EFBC}") = "AbsenceTemplatesCore.Contract", "EmployeeManagementCore.Contract\AbsenceTemplatesCore.Contract.csproj", "{83A6B545-C6B5-4805-A5D6-74C3FF7E573E}"
EndProject
Project("{2150E333-8FDC-42A3-9474-1A3956D46DE8}") = "Status", "Status", "{BFE82B7A-4BDD-4319-B518-BB795AF636BD}"
EndProject
Project("{FAE04EC0-301F-11D3-BF4B-00C04F79EFBC}") = "StatusCore", "StatusCore\StatusCore.csproj", "{B2A8AFBB-E3F5-4E8D-AA53-7CBEC7B82388}"
EndProject
Project("{FAE04EC0-301F-11D3-BF4B-00C04F79EFBC}") = "StatusCore.Contract", "StatusCore.Contract\StatusCore.Contract.csproj", "{C26C786E-1D2E-452E-BA71-197D255C489E}"
EndProject
Project("{FAE04EC0-301F-11D3-BF4B-00C04F79EFBC}") = "CancellingTemplatesCore", "CancellingTemplatesCore\CancellingTemplatesCore.csproj", "{76C755AB-0293-406D-A1A4-A4AD7CE549BE}"
EndProject
Project("{FAE04EC0-301F-11D3-BF4B-00C04F79EFBC}") = "CancellingTemplatesCore.Contract", "CancellingTemplatesCore.Contract\CancellingTemplatesCore.Contract.csproj", "{FAEC5642-926B-4140-B468-7B800087C7FB}"
EndProject
Project("{2150E333-8FDC-42A3-9474-1A3956D46DE8}") = "History", "History", "{CEFFB394-E2B8-45FD-961D-AA3260C37B39}"
EndProject
Project("{FAE04EC0-301F-11D3-BF4B-00C04F79EFBC}") = "HistoryCore.Contract", "HistoryCore.Contract\HistoryCore.Contract.csproj", "{48E0898D-26FC-4778-B010-D147AE087EE7}"
EndProject
Project("{FAE04EC0-301F-11D3-BF4B-00C04F79EFBC}") = "HistoryCore", "HistoryCore\HistoryCore.csproj", "{F2DDC6B2-A515-4AA5-AD55-E20DE32866DD}"
EndProject
Project("{FAE04EC0-301F-11D3-BF4B-00C04F79EFBC}") = "StatisticsCore", "Statistics.Core\StatisticsCore.csproj", "{6B850E01-42E2-4F89-A654-48EBB1867DFB}"
EndProject
Project("{FAE04EC0-301F-11D3-BF4B-00C04F79EFBC}") = "StatisticsCore.Contract", "Statistics.Contract\StatisticsCore.Contract.csproj", "{A16D8D09-284F-4D9C-AA28-BE1FF38F5FF6}"
EndProject
Project("{2150E333-8FDC-42A3-9474-1A3956D46DE8}") = "Statistic", "Statistic", "{914A815E-2D14-41B0-9EAC-FDE15F64C37B}"
EndProject
Project("{FAE04EC0-301F-11D3-BF4B-00C04F79EFBC}") = "SyncDataService", "SyncDataService\SyncDataService.csproj", "{5EFAE61D-FBD2-4CD6-9483-C22987BA75A4}"
EndProject
Global
	GlobalSection(SolutionConfigurationPlatforms) = preSolution
		Basel|Any CPU = Basel|Any CPU
		Debug|Any CPU = Debug|Any CPU
		Demo|Any CPU = Demo|Any CPU
		Dev|Any CPU = Dev|Any CPU
		DevelopmentQA|Any CPU = DevelopmentQA|Any CPU
		Production|Any CPU = Production|Any CPU
		QA|Any CPU = QA|Any CPU
		QAStage|Any CPU = QAStage|Any CPU
		Release|Any CPU = Release|Any CPU
		Stage|Any CPU = Stage|Any CPU
	EndGlobalSection
	GlobalSection(ProjectConfigurationPlatforms) = postSolution
		{6971B2FC-D156-4671-B2CA-EDBC6FA3FA7F}.Basel|Any CPU.ActiveCfg = Develop|Any CPU
		{6971B2FC-D156-4671-B2CA-EDBC6FA3FA7F}.Basel|Any CPU.Build.0 = Develop|Any CPU
		{6971B2FC-D156-4671-B2CA-EDBC6FA3FA7F}.Debug|Any CPU.ActiveCfg = Debug|Any CPU
		{6971B2FC-D156-4671-B2CA-EDBC6FA3FA7F}.Debug|Any CPU.Build.0 = Debug|Any CPU
		{6971B2FC-D156-4671-B2CA-EDBC6FA3FA7F}.Demo|Any CPU.ActiveCfg = Demo|Any CPU
		{6971B2FC-D156-4671-B2CA-EDBC6FA3FA7F}.Demo|Any CPU.Build.0 = Demo|Any CPU
		{6971B2FC-D156-4671-B2CA-EDBC6FA3FA7F}.Dev|Any CPU.ActiveCfg = Dev|Any CPU
		{6971B2FC-D156-4671-B2CA-EDBC6FA3FA7F}.Dev|Any CPU.Build.0 = Dev|Any CPU
		{6971B2FC-D156-4671-B2CA-EDBC6FA3FA7F}.DevelopmentQA|Any CPU.ActiveCfg = Develop|Any CPU
		{6971B2FC-D156-4671-B2CA-EDBC6FA3FA7F}.DevelopmentQA|Any CPU.Build.0 = Develop|Any CPU
		{6971B2FC-D156-4671-B2CA-EDBC6FA3FA7F}.Production|Any CPU.ActiveCfg = Production|Any CPU
		{6971B2FC-D156-4671-B2CA-EDBC6FA3FA7F}.Production|Any CPU.Build.0 = Production|Any CPU
		{6971B2FC-D156-4671-B2CA-EDBC6FA3FA7F}.QA|Any CPU.ActiveCfg = QA|Any CPU
		{6971B2FC-D156-4671-B2CA-EDBC6FA3FA7F}.QA|Any CPU.Build.0 = QA|Any CPU
		{6971B2FC-D156-4671-B2CA-EDBC6FA3FA7F}.QAStage|Any CPU.ActiveCfg = Stage|Any CPU
		{6971B2FC-D156-4671-B2CA-EDBC6FA3FA7F}.QAStage|Any CPU.Build.0 = Stage|Any CPU
		{6971B2FC-D156-4671-B2CA-EDBC6FA3FA7F}.Release|Any CPU.ActiveCfg = Release|Any CPU
		{6971B2FC-D156-4671-B2CA-EDBC6FA3FA7F}.Release|Any CPU.Build.0 = Release|Any CPU
		{6971B2FC-D156-4671-B2CA-EDBC6FA3FA7F}.Stage|Any CPU.ActiveCfg = Stage|Any CPU
		{6971B2FC-D156-4671-B2CA-EDBC6FA3FA7F}.Stage|Any CPU.Build.0 = Stage|Any CPU
		{3284D4C1-8AA3-4DB8-B298-AE2D8799E01D}.Basel|Any CPU.ActiveCfg = Develop|Any CPU
		{3284D4C1-8AA3-4DB8-B298-AE2D8799E01D}.Basel|Any CPU.Build.0 = Develop|Any CPU
		{3284D4C1-8AA3-4DB8-B298-AE2D8799E01D}.Debug|Any CPU.ActiveCfg = Debug|Any CPU
		{3284D4C1-8AA3-4DB8-B298-AE2D8799E01D}.Debug|Any CPU.Build.0 = Debug|Any CPU
		{3284D4C1-8AA3-4DB8-B298-AE2D8799E01D}.Demo|Any CPU.ActiveCfg = Demo|Any CPU
		{3284D4C1-8AA3-4DB8-B298-AE2D8799E01D}.Demo|Any CPU.Build.0 = Demo|Any CPU
		{3284D4C1-8AA3-4DB8-B298-AE2D8799E01D}.Dev|Any CPU.ActiveCfg = Dev|Any CPU
		{3284D4C1-8AA3-4DB8-B298-AE2D8799E01D}.Dev|Any CPU.Build.0 = Dev|Any CPU
		{3284D4C1-8AA3-4DB8-B298-AE2D8799E01D}.DevelopmentQA|Any CPU.ActiveCfg = Develop|Any CPU
		{3284D4C1-8AA3-4DB8-B298-AE2D8799E01D}.DevelopmentQA|Any CPU.Build.0 = Develop|Any CPU
		{3284D4C1-8AA3-4DB8-B298-AE2D8799E01D}.Production|Any CPU.ActiveCfg = Production|Any CPU
		{3284D4C1-8AA3-4DB8-B298-AE2D8799E01D}.Production|Any CPU.Build.0 = Production|Any CPU
		{3284D4C1-8AA3-4DB8-B298-AE2D8799E01D}.QA|Any CPU.ActiveCfg = QA|Any CPU
		{3284D4C1-8AA3-4DB8-B298-AE2D8799E01D}.QA|Any CPU.Build.0 = QA|Any CPU
		{3284D4C1-8AA3-4DB8-B298-AE2D8799E01D}.QAStage|Any CPU.ActiveCfg = Stage|Any CPU
		{3284D4C1-8AA3-4DB8-B298-AE2D8799E01D}.QAStage|Any CPU.Build.0 = Stage|Any CPU
		{3284D4C1-8AA3-4DB8-B298-AE2D8799E01D}.Release|Any CPU.ActiveCfg = Release|Any CPU
		{3284D4C1-8AA3-4DB8-B298-AE2D8799E01D}.Release|Any CPU.Build.0 = Release|Any CPU
		{3284D4C1-8AA3-4DB8-B298-AE2D8799E01D}.Stage|Any CPU.ActiveCfg = Stage|Any CPU
		{3284D4C1-8AA3-4DB8-B298-AE2D8799E01D}.Stage|Any CPU.Build.0 = Stage|Any CPU
		{98A81737-1038-4572-89CD-4E72140DE91A}.Basel|Any CPU.ActiveCfg = Develop|Any CPU
		{98A81737-1038-4572-89CD-4E72140DE91A}.Basel|Any CPU.Build.0 = Develop|Any CPU
		{98A81737-1038-4572-89CD-4E72140DE91A}.Debug|Any CPU.ActiveCfg = Debug|Any CPU
		{98A81737-1038-4572-89CD-4E72140DE91A}.Debug|Any CPU.Build.0 = Debug|Any CPU
		{98A81737-1038-4572-89CD-4E72140DE91A}.Demo|Any CPU.ActiveCfg = Demo|Any CPU
		{98A81737-1038-4572-89CD-4E72140DE91A}.Demo|Any CPU.Build.0 = Demo|Any CPU
		{98A81737-1038-4572-89CD-4E72140DE91A}.Dev|Any CPU.ActiveCfg = Dev|Any CPU
		{98A81737-1038-4572-89CD-4E72140DE91A}.Dev|Any CPU.Build.0 = Dev|Any CPU
		{98A81737-1038-4572-89CD-4E72140DE91A}.DevelopmentQA|Any CPU.ActiveCfg = Develop|Any CPU
		{98A81737-1038-4572-89CD-4E72140DE91A}.DevelopmentQA|Any CPU.Build.0 = Develop|Any CPU
		{98A81737-1038-4572-89CD-4E72140DE91A}.Production|Any CPU.ActiveCfg = Production|Any CPU
		{98A81737-1038-4572-89CD-4E72140DE91A}.Production|Any CPU.Build.0 = Production|Any CPU
		{98A81737-1038-4572-89CD-4E72140DE91A}.QA|Any CPU.ActiveCfg = QA|Any CPU
		{98A81737-1038-4572-89CD-4E72140DE91A}.QA|Any CPU.Build.0 = QA|Any CPU
		{98A81737-1038-4572-89CD-4E72140DE91A}.QAStage|Any CPU.ActiveCfg = Stage|Any CPU
		{98A81737-1038-4572-89CD-4E72140DE91A}.QAStage|Any CPU.Build.0 = Stage|Any CPU
		{98A81737-1038-4572-89CD-4E72140DE91A}.Release|Any CPU.ActiveCfg = Release|Any CPU
		{98A81737-1038-4572-89CD-4E72140DE91A}.Release|Any CPU.Build.0 = Release|Any CPU
		{98A81737-1038-4572-89CD-4E72140DE91A}.Stage|Any CPU.ActiveCfg = Stage|Any CPU
		{98A81737-1038-4572-89CD-4E72140DE91A}.Stage|Any CPU.Build.0 = Stage|Any CPU
		{F45B8AF9-8934-49EA-9247-F70235D9216B}.Basel|Any CPU.ActiveCfg = Develop|Any CPU
		{F45B8AF9-8934-49EA-9247-F70235D9216B}.Basel|Any CPU.Build.0 = Develop|Any CPU
		{F45B8AF9-8934-49EA-9247-F70235D9216B}.Debug|Any CPU.ActiveCfg = Debug|Any CPU
		{F45B8AF9-8934-49EA-9247-F70235D9216B}.Debug|Any CPU.Build.0 = Debug|Any CPU
		{F45B8AF9-8934-49EA-9247-F70235D9216B}.Demo|Any CPU.ActiveCfg = Demo|Any CPU
		{F45B8AF9-8934-49EA-9247-F70235D9216B}.Demo|Any CPU.Build.0 = Demo|Any CPU
		{F45B8AF9-8934-49EA-9247-F70235D9216B}.Dev|Any CPU.ActiveCfg = Dev|Any CPU
		{F45B8AF9-8934-49EA-9247-F70235D9216B}.Dev|Any CPU.Build.0 = Dev|Any CPU
		{F45B8AF9-8934-49EA-9247-F70235D9216B}.DevelopmentQA|Any CPU.ActiveCfg = Develop|Any CPU
		{F45B8AF9-8934-49EA-9247-F70235D9216B}.DevelopmentQA|Any CPU.Build.0 = Develop|Any CPU
		{F45B8AF9-8934-49EA-9247-F70235D9216B}.Production|Any CPU.ActiveCfg = Production|Any CPU
		{F45B8AF9-8934-49EA-9247-F70235D9216B}.Production|Any CPU.Build.0 = Production|Any CPU
		{F45B8AF9-8934-49EA-9247-F70235D9216B}.QA|Any CPU.ActiveCfg = QA|Any CPU
		{F45B8AF9-8934-49EA-9247-F70235D9216B}.QA|Any CPU.Build.0 = QA|Any CPU
		{F45B8AF9-8934-49EA-9247-F70235D9216B}.QAStage|Any CPU.ActiveCfg = Stage|Any CPU
		{F45B8AF9-8934-49EA-9247-F70235D9216B}.QAStage|Any CPU.Build.0 = Stage|Any CPU
		{F45B8AF9-8934-49EA-9247-F70235D9216B}.Release|Any CPU.ActiveCfg = Release|Any CPU
		{F45B8AF9-8934-49EA-9247-F70235D9216B}.Release|Any CPU.Build.0 = Release|Any CPU
		{F45B8AF9-8934-49EA-9247-F70235D9216B}.Stage|Any CPU.ActiveCfg = Stage|Any CPU
		{F45B8AF9-8934-49EA-9247-F70235D9216B}.Stage|Any CPU.Build.0 = Stage|Any CPU
		{A642EA1B-7E1C-46C9-956A-B954605C6D19}.Basel|Any CPU.ActiveCfg = Stage|Any CPU
		{A642EA1B-7E1C-46C9-956A-B954605C6D19}.Basel|Any CPU.Build.0 = Stage|Any CPU
		{A642EA1B-7E1C-46C9-956A-B954605C6D19}.Debug|Any CPU.ActiveCfg = Debug|Any CPU
		{A642EA1B-7E1C-46C9-956A-B954605C6D19}.Debug|Any CPU.Build.0 = Debug|Any CPU
		{A642EA1B-7E1C-46C9-956A-B954605C6D19}.Demo|Any CPU.ActiveCfg = Demo|Any CPU
		{A642EA1B-7E1C-46C9-956A-B954605C6D19}.Demo|Any CPU.Build.0 = Demo|Any CPU
		{A642EA1B-7E1C-46C9-956A-B954605C6D19}.Dev|Any CPU.ActiveCfg = Dev|Any CPU
		{A642EA1B-7E1C-46C9-956A-B954605C6D19}.Dev|Any CPU.Build.0 = Dev|Any CPU
		{A642EA1B-7E1C-46C9-956A-B954605C6D19}.DevelopmentQA|Any CPU.ActiveCfg = Dev|Any CPU
		{A642EA1B-7E1C-46C9-956A-B954605C6D19}.DevelopmentQA|Any CPU.Build.0 = Dev|Any CPU
		{A642EA1B-7E1C-46C9-956A-B954605C6D19}.Production|Any CPU.ActiveCfg = Production|Any CPU
		{A642EA1B-7E1C-46C9-956A-B954605C6D19}.Production|Any CPU.Build.0 = Production|Any CPU
		{A642EA1B-7E1C-46C9-956A-B954605C6D19}.QA|Any CPU.ActiveCfg = QA|Any CPU
		{A642EA1B-7E1C-46C9-956A-B954605C6D19}.QA|Any CPU.Build.0 = QA|Any CPU
		{A642EA1B-7E1C-46C9-956A-B954605C6D19}.QAStage|Any CPU.ActiveCfg = Stage|Any CPU
		{A642EA1B-7E1C-46C9-956A-B954605C6D19}.QAStage|Any CPU.Build.0 = Stage|Any CPU
		{A642EA1B-7E1C-46C9-956A-B954605C6D19}.Release|Any CPU.ActiveCfg = Release|Any CPU
		{A642EA1B-7E1C-46C9-956A-B954605C6D19}.Release|Any CPU.Build.0 = Release|Any CPU
		{A642EA1B-7E1C-46C9-956A-B954605C6D19}.Stage|Any CPU.ActiveCfg = Stage|Any CPU
		{A642EA1B-7E1C-46C9-956A-B954605C6D19}.Stage|Any CPU.Build.0 = Stage|Any CPU
		{CBFEA228-DE0B-4DF9-9AEC-4373B476D171}.Basel|Any CPU.ActiveCfg = Develop|Any CPU
		{CBFEA228-DE0B-4DF9-9AEC-4373B476D171}.Basel|Any CPU.Build.0 = Develop|Any CPU
		{CBFEA228-DE0B-4DF9-9AEC-4373B476D171}.Debug|Any CPU.ActiveCfg = Debug|Any CPU
		{CBFEA228-DE0B-4DF9-9AEC-4373B476D171}.Debug|Any CPU.Build.0 = Debug|Any CPU
		{CBFEA228-DE0B-4DF9-9AEC-4373B476D171}.Demo|Any CPU.ActiveCfg = Demo|Any CPU
		{CBFEA228-DE0B-4DF9-9AEC-4373B476D171}.Demo|Any CPU.Build.0 = Demo|Any CPU
		{CBFEA228-DE0B-4DF9-9AEC-4373B476D171}.Dev|Any CPU.ActiveCfg = Dev|Any CPU
		{CBFEA228-DE0B-4DF9-9AEC-4373B476D171}.Dev|Any CPU.Build.0 = Dev|Any CPU
		{CBFEA228-DE0B-4DF9-9AEC-4373B476D171}.DevelopmentQA|Any CPU.ActiveCfg = Develop|Any CPU
		{CBFEA228-DE0B-4DF9-9AEC-4373B476D171}.DevelopmentQA|Any CPU.Build.0 = Develop|Any CPU
		{CBFEA228-DE0B-4DF9-9AEC-4373B476D171}.Production|Any CPU.ActiveCfg = Production|Any CPU
		{CBFEA228-DE0B-4DF9-9AEC-4373B476D171}.Production|Any CPU.Build.0 = Production|Any CPU
		{CBFEA228-DE0B-4DF9-9AEC-4373B476D171}.QA|Any CPU.ActiveCfg = QA|Any CPU
		{CBFEA228-DE0B-4DF9-9AEC-4373B476D171}.QA|Any CPU.Build.0 = QA|Any CPU
		{CBFEA228-DE0B-4DF9-9AEC-4373B476D171}.QAStage|Any CPU.ActiveCfg = Stage|Any CPU
		{CBFEA228-DE0B-4DF9-9AEC-4373B476D171}.QAStage|Any CPU.Build.0 = Stage|Any CPU
		{CBFEA228-DE0B-4DF9-9AEC-4373B476D171}.Release|Any CPU.ActiveCfg = Release|Any CPU
		{CBFEA228-DE0B-4DF9-9AEC-4373B476D171}.Release|Any CPU.Build.0 = Release|Any CPU
		{CBFEA228-DE0B-4DF9-9AEC-4373B476D171}.Stage|Any CPU.ActiveCfg = Stage|Any CPU
		{CBFEA228-DE0B-4DF9-9AEC-4373B476D171}.Stage|Any CPU.Build.0 = Stage|Any CPU
		{563E54E5-F69C-4227-AE8A-AEAD320AEA3B}.Basel|Any CPU.ActiveCfg = Develop|Any CPU
		{563E54E5-F69C-4227-AE8A-AEAD320AEA3B}.Basel|Any CPU.Build.0 = Develop|Any CPU
		{563E54E5-F69C-4227-AE8A-AEAD320AEA3B}.Debug|Any CPU.ActiveCfg = Debug|Any CPU
		{563E54E5-F69C-4227-AE8A-AEAD320AEA3B}.Debug|Any CPU.Build.0 = Debug|Any CPU
		{563E54E5-F69C-4227-AE8A-AEAD320AEA3B}.Demo|Any CPU.ActiveCfg = Demo|Any CPU
		{563E54E5-F69C-4227-AE8A-AEAD320AEA3B}.Demo|Any CPU.Build.0 = Demo|Any CPU
		{563E54E5-F69C-4227-AE8A-AEAD320AEA3B}.Dev|Any CPU.ActiveCfg = Dev|Any CPU
		{563E54E5-F69C-4227-AE8A-AEAD320AEA3B}.Dev|Any CPU.Build.0 = Dev|Any CPU
		{563E54E5-F69C-4227-AE8A-AEAD320AEA3B}.DevelopmentQA|Any CPU.ActiveCfg = Develop|Any CPU
		{563E54E5-F69C-4227-AE8A-AEAD320AEA3B}.DevelopmentQA|Any CPU.Build.0 = Develop|Any CPU
		{563E54E5-F69C-4227-AE8A-AEAD320AEA3B}.Production|Any CPU.ActiveCfg = Production|Any CPU
		{563E54E5-F69C-4227-AE8A-AEAD320AEA3B}.Production|Any CPU.Build.0 = Production|Any CPU
		{563E54E5-F69C-4227-AE8A-AEAD320AEA3B}.QA|Any CPU.ActiveCfg = QA|Any CPU
		{563E54E5-F69C-4227-AE8A-AEAD320AEA3B}.QA|Any CPU.Build.0 = QA|Any CPU
		{563E54E5-F69C-4227-AE8A-AEAD320AEA3B}.QAStage|Any CPU.ActiveCfg = Stage|Any CPU
		{563E54E5-F69C-4227-AE8A-AEAD320AEA3B}.QAStage|Any CPU.Build.0 = Stage|Any CPU
		{563E54E5-F69C-4227-AE8A-AEAD320AEA3B}.Release|Any CPU.ActiveCfg = Release|Any CPU
		{563E54E5-F69C-4227-AE8A-AEAD320AEA3B}.Release|Any CPU.Build.0 = Release|Any CPU
		{563E54E5-F69C-4227-AE8A-AEAD320AEA3B}.Stage|Any CPU.ActiveCfg = Stage|Any CPU
		{563E54E5-F69C-4227-AE8A-AEAD320AEA3B}.Stage|Any CPU.Build.0 = Stage|Any CPU
		{B6774D39-F8B6-4FF4-973B-AEC22A87F4FC}.Basel|Any CPU.ActiveCfg = Develop|Any CPU
		{B6774D39-F8B6-4FF4-973B-AEC22A87F4FC}.Basel|Any CPU.Build.0 = Develop|Any CPU
		{B6774D39-F8B6-4FF4-973B-AEC22A87F4FC}.Debug|Any CPU.ActiveCfg = Debug|Any CPU
		{B6774D39-F8B6-4FF4-973B-AEC22A87F4FC}.Debug|Any CPU.Build.0 = Debug|Any CPU
		{B6774D39-F8B6-4FF4-973B-AEC22A87F4FC}.Demo|Any CPU.ActiveCfg = Demo|Any CPU
		{B6774D39-F8B6-4FF4-973B-AEC22A87F4FC}.Demo|Any CPU.Build.0 = Demo|Any CPU
		{B6774D39-F8B6-4FF4-973B-AEC22A87F4FC}.Dev|Any CPU.ActiveCfg = Dev|Any CPU
		{B6774D39-F8B6-4FF4-973B-AEC22A87F4FC}.Dev|Any CPU.Build.0 = Dev|Any CPU
		{B6774D39-F8B6-4FF4-973B-AEC22A87F4FC}.DevelopmentQA|Any CPU.ActiveCfg = Develop|Any CPU
		{B6774D39-F8B6-4FF4-973B-AEC22A87F4FC}.DevelopmentQA|Any CPU.Build.0 = Develop|Any CPU
		{B6774D39-F8B6-4FF4-973B-AEC22A87F4FC}.Production|Any CPU.ActiveCfg = Production|Any CPU
		{B6774D39-F8B6-4FF4-973B-AEC22A87F4FC}.Production|Any CPU.Build.0 = Production|Any CPU
		{B6774D39-F8B6-4FF4-973B-AEC22A87F4FC}.QA|Any CPU.ActiveCfg = QA|Any CPU
		{B6774D39-F8B6-4FF4-973B-AEC22A87F4FC}.QA|Any CPU.Build.0 = QA|Any CPU
		{B6774D39-F8B6-4FF4-973B-AEC22A87F4FC}.QAStage|Any CPU.ActiveCfg = Stage|Any CPU
		{B6774D39-F8B6-4FF4-973B-AEC22A87F4FC}.QAStage|Any CPU.Build.0 = Stage|Any CPU
		{B6774D39-F8B6-4FF4-973B-AEC22A87F4FC}.Release|Any CPU.ActiveCfg = Release|Any CPU
		{B6774D39-F8B6-4FF4-973B-AEC22A87F4FC}.Release|Any CPU.Build.0 = Release|Any CPU
		{B6774D39-F8B6-4FF4-973B-AEC22A87F4FC}.Stage|Any CPU.ActiveCfg = Stage|Any CPU
		{B6774D39-F8B6-4FF4-973B-AEC22A87F4FC}.Stage|Any CPU.Build.0 = Stage|Any CPU
		{7D882F35-5EAC-46AA-BC38-645A860D3DE0}.Basel|Any CPU.ActiveCfg = Develop|Any CPU
		{7D882F35-5EAC-46AA-BC38-645A860D3DE0}.Basel|Any CPU.Build.0 = Develop|Any CPU
		{7D882F35-5EAC-46AA-BC38-645A860D3DE0}.Debug|Any CPU.ActiveCfg = Debug|Any CPU
		{7D882F35-5EAC-46AA-BC38-645A860D3DE0}.Debug|Any CPU.Build.0 = Debug|Any CPU
		{7D882F35-5EAC-46AA-BC38-645A860D3DE0}.Demo|Any CPU.ActiveCfg = Demo|Any CPU
		{7D882F35-5EAC-46AA-BC38-645A860D3DE0}.Demo|Any CPU.Build.0 = Demo|Any CPU
		{7D882F35-5EAC-46AA-BC38-645A860D3DE0}.Dev|Any CPU.ActiveCfg = Dev|Any CPU
		{7D882F35-5EAC-46AA-BC38-645A860D3DE0}.Dev|Any CPU.Build.0 = Dev|Any CPU
		{7D882F35-5EAC-46AA-BC38-645A860D3DE0}.DevelopmentQA|Any CPU.ActiveCfg = Develop|Any CPU
		{7D882F35-5EAC-46AA-BC38-645A860D3DE0}.DevelopmentQA|Any CPU.Build.0 = Develop|Any CPU
		{7D882F35-5EAC-46AA-BC38-645A860D3DE0}.Production|Any CPU.ActiveCfg = Production|Any CPU
		{7D882F35-5EAC-46AA-BC38-645A860D3DE0}.Production|Any CPU.Build.0 = Production|Any CPU
		{7D882F35-5EAC-46AA-BC38-645A860D3DE0}.QA|Any CPU.ActiveCfg = QA|Any CPU
		{7D882F35-5EAC-46AA-BC38-645A860D3DE0}.QA|Any CPU.Build.0 = QA|Any CPU
		{7D882F35-5EAC-46AA-BC38-645A860D3DE0}.QAStage|Any CPU.ActiveCfg = Stage|Any CPU
		{7D882F35-5EAC-46AA-BC38-645A860D3DE0}.QAStage|Any CPU.Build.0 = Stage|Any CPU
		{7D882F35-5EAC-46AA-BC38-645A860D3DE0}.Release|Any CPU.ActiveCfg = Release|Any CPU
		{7D882F35-5EAC-46AA-BC38-645A860D3DE0}.Release|Any CPU.Build.0 = Release|Any CPU
		{7D882F35-5EAC-46AA-BC38-645A860D3DE0}.Stage|Any CPU.ActiveCfg = Stage|Any CPU
		{7D882F35-5EAC-46AA-BC38-645A860D3DE0}.Stage|Any CPU.Build.0 = Stage|Any CPU
		{7CB1259C-112D-461B-A940-7379618DC5CA}.Basel|Any CPU.ActiveCfg = Release|Any CPU
		{7CB1259C-112D-461B-A940-7379618DC5CA}.Basel|Any CPU.Build.0 = Release|Any CPU
		{7CB1259C-112D-461B-A940-7379618DC5CA}.Debug|Any CPU.ActiveCfg = Debug|Any CPU
		{7CB1259C-112D-461B-A940-7379618DC5CA}.Debug|Any CPU.Build.0 = Debug|Any CPU
		{7CB1259C-112D-461B-A940-7379618DC5CA}.Demo|Any CPU.ActiveCfg = Debug|Any CPU
		{7CB1259C-112D-461B-A940-7379618DC5CA}.Demo|Any CPU.Build.0 = Debug|Any CPU
		{7CB1259C-112D-461B-A940-7379618DC5CA}.Dev|Any CPU.ActiveCfg = Debug|Any CPU
		{7CB1259C-112D-461B-A940-7379618DC5CA}.Dev|Any CPU.Build.0 = Debug|Any CPU
		{7CB1259C-112D-461B-A940-7379618DC5CA}.DevelopmentQA|Any CPU.ActiveCfg = Debug|Any CPU
		{7CB1259C-112D-461B-A940-7379618DC5CA}.DevelopmentQA|Any CPU.Build.0 = Debug|Any CPU
		{7CB1259C-112D-461B-A940-7379618DC5CA}.Production|Any CPU.ActiveCfg = Production|Any CPU
		{7CB1259C-112D-461B-A940-7379618DC5CA}.Production|Any CPU.Build.0 = Production|Any CPU
		{7CB1259C-112D-461B-A940-7379618DC5CA}.QA|Any CPU.ActiveCfg = QA|Any CPU
		{7CB1259C-112D-461B-A940-7379618DC5CA}.QA|Any CPU.Build.0 = QA|Any CPU
		{7CB1259C-112D-461B-A940-7379618DC5CA}.QAStage|Any CPU.ActiveCfg = Release|Any CPU
		{7CB1259C-112D-461B-A940-7379618DC5CA}.QAStage|Any CPU.Build.0 = Release|Any CPU
		{7CB1259C-112D-461B-A940-7379618DC5CA}.Release|Any CPU.ActiveCfg = Release|Any CPU
		{7CB1259C-112D-461B-A940-7379618DC5CA}.Release|Any CPU.Build.0 = Release|Any CPU
		{7CB1259C-112D-461B-A940-7379618DC5CA}.Stage|Any CPU.ActiveCfg = Release|Any CPU
		{7CB1259C-112D-461B-A940-7379618DC5CA}.Stage|Any CPU.Build.0 = Release|Any CPU
		{536B77F8-FFB7-4DE1-9C05-B1464D9EA673}.Basel|Any CPU.ActiveCfg = Release|Any CPU
		{536B77F8-FFB7-4DE1-9C05-B1464D9EA673}.Basel|Any CPU.Build.0 = Release|Any CPU
		{536B77F8-FFB7-4DE1-9C05-B1464D9EA673}.Debug|Any CPU.ActiveCfg = Debug|Any CPU
		{536B77F8-FFB7-4DE1-9C05-B1464D9EA673}.Debug|Any CPU.Build.0 = Debug|Any CPU
		{536B77F8-FFB7-4DE1-9C05-B1464D9EA673}.Demo|Any CPU.ActiveCfg = Debug|Any CPU
		{536B77F8-FFB7-4DE1-9C05-B1464D9EA673}.Demo|Any CPU.Build.0 = Debug|Any CPU
		{536B77F8-FFB7-4DE1-9C05-B1464D9EA673}.Dev|Any CPU.ActiveCfg = Debug|Any CPU
		{536B77F8-FFB7-4DE1-9C05-B1464D9EA673}.Dev|Any CPU.Build.0 = Debug|Any CPU
		{536B77F8-FFB7-4DE1-9C05-B1464D9EA673}.DevelopmentQA|Any CPU.ActiveCfg = Debug|Any CPU
		{536B77F8-FFB7-4DE1-9C05-B1464D9EA673}.DevelopmentQA|Any CPU.Build.0 = Debug|Any CPU
		{536B77F8-FFB7-4DE1-9C05-B1464D9EA673}.Production|Any CPU.ActiveCfg = Production|Any CPU
		{536B77F8-FFB7-4DE1-9C05-B1464D9EA673}.Production|Any CPU.Build.0 = Production|Any CPU
		{536B77F8-FFB7-4DE1-9C05-B1464D9EA673}.QA|Any CPU.ActiveCfg = QA|Any CPU
		{536B77F8-FFB7-4DE1-9C05-B1464D9EA673}.QA|Any CPU.Build.0 = QA|Any CPU
		{536B77F8-FFB7-4DE1-9C05-B1464D9EA673}.QAStage|Any CPU.ActiveCfg = Release|Any CPU
		{536B77F8-FFB7-4DE1-9C05-B1464D9EA673}.QAStage|Any CPU.Build.0 = Release|Any CPU
		{536B77F8-FFB7-4DE1-9C05-B1464D9EA673}.Release|Any CPU.ActiveCfg = Release|Any CPU
		{536B77F8-FFB7-4DE1-9C05-B1464D9EA673}.Release|Any CPU.Build.0 = Release|Any CPU
		{536B77F8-FFB7-4DE1-9C05-B1464D9EA673}.Stage|Any CPU.ActiveCfg = Release|Any CPU
		{536B77F8-FFB7-4DE1-9C05-B1464D9EA673}.Stage|Any CPU.Build.0 = Release|Any CPU
		{15C8DD73-FF68-431C-9367-3E175AB5D607}.Basel|Any CPU.ActiveCfg = Release|Any CPU
		{15C8DD73-FF68-431C-9367-3E175AB5D607}.Basel|Any CPU.Build.0 = Release|Any CPU
		{15C8DD73-FF68-431C-9367-3E175AB5D607}.Debug|Any CPU.ActiveCfg = Debug|Any CPU
		{15C8DD73-FF68-431C-9367-3E175AB5D607}.Debug|Any CPU.Build.0 = Debug|Any CPU
		{15C8DD73-FF68-431C-9367-3E175AB5D607}.Demo|Any CPU.ActiveCfg = Debug|Any CPU
		{15C8DD73-FF68-431C-9367-3E175AB5D607}.Demo|Any CPU.Build.0 = Debug|Any CPU
		{15C8DD73-FF68-431C-9367-3E175AB5D607}.Dev|Any CPU.ActiveCfg = Debug|Any CPU
		{15C8DD73-FF68-431C-9367-3E175AB5D607}.Dev|Any CPU.Build.0 = Debug|Any CPU
		{15C8DD73-FF68-431C-9367-3E175AB5D607}.DevelopmentQA|Any CPU.ActiveCfg = Debug|Any CPU
		{15C8DD73-FF68-431C-9367-3E175AB5D607}.DevelopmentQA|Any CPU.Build.0 = Debug|Any CPU
		{15C8DD73-FF68-431C-9367-3E175AB5D607}.Production|Any CPU.ActiveCfg = Production|Any CPU
		{15C8DD73-FF68-431C-9367-3E175AB5D607}.Production|Any CPU.Build.0 = Production|Any CPU
		{15C8DD73-FF68-431C-9367-3E175AB5D607}.QA|Any CPU.ActiveCfg = QA|Any CPU
		{15C8DD73-FF68-431C-9367-3E175AB5D607}.QA|Any CPU.Build.0 = QA|Any CPU
		{15C8DD73-FF68-431C-9367-3E175AB5D607}.QAStage|Any CPU.ActiveCfg = Release|Any CPU
		{15C8DD73-FF68-431C-9367-3E175AB5D607}.QAStage|Any CPU.Build.0 = Release|Any CPU
		{15C8DD73-FF68-431C-9367-3E175AB5D607}.Release|Any CPU.ActiveCfg = Release|Any CPU
		{15C8DD73-FF68-431C-9367-3E175AB5D607}.Release|Any CPU.Build.0 = Release|Any CPU
		{15C8DD73-FF68-431C-9367-3E175AB5D607}.Stage|Any CPU.ActiveCfg = Release|Any CPU
		{15C8DD73-FF68-431C-9367-3E175AB5D607}.Stage|Any CPU.Build.0 = Release|Any CPU
		{99C96F09-5046-4E15-ACEC-31D7775ECB2E}.Basel|Any CPU.ActiveCfg = Release|Any CPU
		{99C96F09-5046-4E15-ACEC-31D7775ECB2E}.Basel|Any CPU.Build.0 = Release|Any CPU
		{99C96F09-5046-4E15-ACEC-31D7775ECB2E}.Debug|Any CPU.ActiveCfg = Debug|Any CPU
		{99C96F09-5046-4E15-ACEC-31D7775ECB2E}.Debug|Any CPU.Build.0 = Debug|Any CPU
		{99C96F09-5046-4E15-ACEC-31D7775ECB2E}.Demo|Any CPU.ActiveCfg = Debug|Any CPU
		{99C96F09-5046-4E15-ACEC-31D7775ECB2E}.Demo|Any CPU.Build.0 = Debug|Any CPU
		{99C96F09-5046-4E15-ACEC-31D7775ECB2E}.Dev|Any CPU.ActiveCfg = Debug|Any CPU
		{99C96F09-5046-4E15-ACEC-31D7775ECB2E}.Dev|Any CPU.Build.0 = Debug|Any CPU
		{99C96F09-5046-4E15-ACEC-31D7775ECB2E}.DevelopmentQA|Any CPU.ActiveCfg = Debug|Any CPU
		{99C96F09-5046-4E15-ACEC-31D7775ECB2E}.DevelopmentQA|Any CPU.Build.0 = Debug|Any CPU
		{99C96F09-5046-4E15-ACEC-31D7775ECB2E}.Production|Any CPU.ActiveCfg = Production|Any CPU
		{99C96F09-5046-4E15-ACEC-31D7775ECB2E}.Production|Any CPU.Build.0 = Production|Any CPU
		{99C96F09-5046-4E15-ACEC-31D7775ECB2E}.QA|Any CPU.ActiveCfg = QA|Any CPU
		{99C96F09-5046-4E15-ACEC-31D7775ECB2E}.QA|Any CPU.Build.0 = QA|Any CPU
		{99C96F09-5046-4E15-ACEC-31D7775ECB2E}.QAStage|Any CPU.ActiveCfg = Release|Any CPU
		{99C96F09-5046-4E15-ACEC-31D7775ECB2E}.QAStage|Any CPU.Build.0 = Release|Any CPU
		{99C96F09-5046-4E15-ACEC-31D7775ECB2E}.Release|Any CPU.ActiveCfg = Release|Any CPU
		{99C96F09-5046-4E15-ACEC-31D7775ECB2E}.Release|Any CPU.Build.0 = Release|Any CPU
		{99C96F09-5046-4E15-ACEC-31D7775ECB2E}.Stage|Any CPU.ActiveCfg = Release|Any CPU
		{99C96F09-5046-4E15-ACEC-31D7775ECB2E}.Stage|Any CPU.Build.0 = Release|Any CPU
		{34BFF228-8677-431B-93C1-428BDF6C1CE9}.Basel|Any CPU.ActiveCfg = Release|Any CPU
		{34BFF228-8677-431B-93C1-428BDF6C1CE9}.Basel|Any CPU.Build.0 = Release|Any CPU
		{34BFF228-8677-431B-93C1-428BDF6C1CE9}.Debug|Any CPU.ActiveCfg = Debug|Any CPU
		{34BFF228-8677-431B-93C1-428BDF6C1CE9}.Debug|Any CPU.Build.0 = Debug|Any CPU
		{34BFF228-8677-431B-93C1-428BDF6C1CE9}.Demo|Any CPU.ActiveCfg = Debug|Any CPU
		{34BFF228-8677-431B-93C1-428BDF6C1CE9}.Demo|Any CPU.Build.0 = Debug|Any CPU
		{34BFF228-8677-431B-93C1-428BDF6C1CE9}.Dev|Any CPU.ActiveCfg = Debug|Any CPU
		{34BFF228-8677-431B-93C1-428BDF6C1CE9}.Dev|Any CPU.Build.0 = Debug|Any CPU
		{34BFF228-8677-431B-93C1-428BDF6C1CE9}.DevelopmentQA|Any CPU.ActiveCfg = Debug|Any CPU
		{34BFF228-8677-431B-93C1-428BDF6C1CE9}.DevelopmentQA|Any CPU.Build.0 = Debug|Any CPU
		{34BFF228-8677-431B-93C1-428BDF6C1CE9}.Production|Any CPU.ActiveCfg = Production|Any CPU
		{34BFF228-8677-431B-93C1-428BDF6C1CE9}.Production|Any CPU.Build.0 = Production|Any CPU
		{34BFF228-8677-431B-93C1-428BDF6C1CE9}.QA|Any CPU.ActiveCfg = QA|Any CPU
		{34BFF228-8677-431B-93C1-428BDF6C1CE9}.QA|Any CPU.Build.0 = QA|Any CPU
		{34BFF228-8677-431B-93C1-428BDF6C1CE9}.QAStage|Any CPU.ActiveCfg = Release|Any CPU
		{34BFF228-8677-431B-93C1-428BDF6C1CE9}.QAStage|Any CPU.Build.0 = Release|Any CPU
		{34BFF228-8677-431B-93C1-428BDF6C1CE9}.Release|Any CPU.ActiveCfg = Release|Any CPU
		{34BFF228-8677-431B-93C1-428BDF6C1CE9}.Release|Any CPU.Build.0 = Release|Any CPU
		{34BFF228-8677-431B-93C1-428BDF6C1CE9}.Stage|Any CPU.ActiveCfg = Release|Any CPU
		{34BFF228-8677-431B-93C1-428BDF6C1CE9}.Stage|Any CPU.Build.0 = Release|Any CPU
		{1981AB7A-F2F4-4828-8472-48217139EA32}.Basel|Any CPU.ActiveCfg = Release|Any CPU
		{1981AB7A-F2F4-4828-8472-48217139EA32}.Basel|Any CPU.Build.0 = Release|Any CPU
		{1981AB7A-F2F4-4828-8472-48217139EA32}.Debug|Any CPU.ActiveCfg = Debug|Any CPU
		{1981AB7A-F2F4-4828-8472-48217139EA32}.Debug|Any CPU.Build.0 = Debug|Any CPU
		{1981AB7A-F2F4-4828-8472-48217139EA32}.Demo|Any CPU.ActiveCfg = Debug|Any CPU
		{1981AB7A-F2F4-4828-8472-48217139EA32}.Demo|Any CPU.Build.0 = Debug|Any CPU
		{1981AB7A-F2F4-4828-8472-48217139EA32}.Dev|Any CPU.ActiveCfg = Debug|Any CPU
		{1981AB7A-F2F4-4828-8472-48217139EA32}.Dev|Any CPU.Build.0 = Debug|Any CPU
		{1981AB7A-F2F4-4828-8472-48217139EA32}.DevelopmentQA|Any CPU.ActiveCfg = Debug|Any CPU
		{1981AB7A-F2F4-4828-8472-48217139EA32}.DevelopmentQA|Any CPU.Build.0 = Debug|Any CPU
		{1981AB7A-F2F4-4828-8472-48217139EA32}.Production|Any CPU.ActiveCfg = Production|Any CPU
		{1981AB7A-F2F4-4828-8472-48217139EA32}.Production|Any CPU.Build.0 = Production|Any CPU
		{1981AB7A-F2F4-4828-8472-48217139EA32}.QA|Any CPU.ActiveCfg = QA|Any CPU
		{1981AB7A-F2F4-4828-8472-48217139EA32}.QA|Any CPU.Build.0 = QA|Any CPU
		{1981AB7A-F2F4-4828-8472-48217139EA32}.QAStage|Any CPU.ActiveCfg = Release|Any CPU
		{1981AB7A-F2F4-4828-8472-48217139EA32}.QAStage|Any CPU.Build.0 = Release|Any CPU
		{1981AB7A-F2F4-4828-8472-48217139EA32}.Release|Any CPU.ActiveCfg = Release|Any CPU
		{1981AB7A-F2F4-4828-8472-48217139EA32}.Release|Any CPU.Build.0 = Release|Any CPU
		{1981AB7A-F2F4-4828-8472-48217139EA32}.Stage|Any CPU.ActiveCfg = Release|Any CPU
		{1981AB7A-F2F4-4828-8472-48217139EA32}.Stage|Any CPU.Build.0 = Release|Any CPU
		{BD1617A5-3651-4BE2-B5F3-E249829ECC94}.Basel|Any CPU.ActiveCfg = Release|Any CPU
		{BD1617A5-3651-4BE2-B5F3-E249829ECC94}.Basel|Any CPU.Build.0 = Release|Any CPU
		{BD1617A5-3651-4BE2-B5F3-E249829ECC94}.Debug|Any CPU.ActiveCfg = Debug|Any CPU
		{BD1617A5-3651-4BE2-B5F3-E249829ECC94}.Debug|Any CPU.Build.0 = Debug|Any CPU
		{BD1617A5-3651-4BE2-B5F3-E249829ECC94}.Demo|Any CPU.ActiveCfg = Debug|Any CPU
		{BD1617A5-3651-4BE2-B5F3-E249829ECC94}.Demo|Any CPU.Build.0 = Debug|Any CPU
		{BD1617A5-3651-4BE2-B5F3-E249829ECC94}.Dev|Any CPU.ActiveCfg = Debug|Any CPU
		{BD1617A5-3651-4BE2-B5F3-E249829ECC94}.Dev|Any CPU.Build.0 = Debug|Any CPU
		{BD1617A5-3651-4BE2-B5F3-E249829ECC94}.DevelopmentQA|Any CPU.ActiveCfg = Debug|Any CPU
		{BD1617A5-3651-4BE2-B5F3-E249829ECC94}.DevelopmentQA|Any CPU.Build.0 = Debug|Any CPU
		{BD1617A5-3651-4BE2-B5F3-E249829ECC94}.Production|Any CPU.ActiveCfg = Production|Any CPU
		{BD1617A5-3651-4BE2-B5F3-E249829ECC94}.Production|Any CPU.Build.0 = Production|Any CPU
		{BD1617A5-3651-4BE2-B5F3-E249829ECC94}.QA|Any CPU.ActiveCfg = QA|Any CPU
		{BD1617A5-3651-4BE2-B5F3-E249829ECC94}.QA|Any CPU.Build.0 = QA|Any CPU
		{BD1617A5-3651-4BE2-B5F3-E249829ECC94}.QAStage|Any CPU.ActiveCfg = Release|Any CPU
		{BD1617A5-3651-4BE2-B5F3-E249829ECC94}.QAStage|Any CPU.Build.0 = Release|Any CPU
		{BD1617A5-3651-4BE2-B5F3-E249829ECC94}.Release|Any CPU.ActiveCfg = Release|Any CPU
		{BD1617A5-3651-4BE2-B5F3-E249829ECC94}.Release|Any CPU.Build.0 = Release|Any CPU
		{BD1617A5-3651-4BE2-B5F3-E249829ECC94}.Stage|Any CPU.ActiveCfg = Release|Any CPU
		{BD1617A5-3651-4BE2-B5F3-E249829ECC94}.Stage|Any CPU.Build.0 = Release|Any CPU
		{E2C867C0-91A8-4F02-8476-B134EFC24E2A}.Basel|Any CPU.ActiveCfg = Release|Any CPU
		{E2C867C0-91A8-4F02-8476-B134EFC24E2A}.Basel|Any CPU.Build.0 = Release|Any CPU
		{E2C867C0-91A8-4F02-8476-B134EFC24E2A}.Debug|Any CPU.ActiveCfg = Debug|Any CPU
		{E2C867C0-91A8-4F02-8476-B134EFC24E2A}.Debug|Any CPU.Build.0 = Debug|Any CPU
		{E2C867C0-91A8-4F02-8476-B134EFC24E2A}.Demo|Any CPU.ActiveCfg = Debug|Any CPU
		{E2C867C0-91A8-4F02-8476-B134EFC24E2A}.Demo|Any CPU.Build.0 = Debug|Any CPU
		{E2C867C0-91A8-4F02-8476-B134EFC24E2A}.Dev|Any CPU.ActiveCfg = Debug|Any CPU
		{E2C867C0-91A8-4F02-8476-B134EFC24E2A}.Dev|Any CPU.Build.0 = Debug|Any CPU
		{E2C867C0-91A8-4F02-8476-B134EFC24E2A}.DevelopmentQA|Any CPU.ActiveCfg = Debug|Any CPU
		{E2C867C0-91A8-4F02-8476-B134EFC24E2A}.DevelopmentQA|Any CPU.Build.0 = Debug|Any CPU
		{E2C867C0-91A8-4F02-8476-B134EFC24E2A}.Production|Any CPU.ActiveCfg = Production|Any CPU
		{E2C867C0-91A8-4F02-8476-B134EFC24E2A}.Production|Any CPU.Build.0 = Production|Any CPU
		{E2C867C0-91A8-4F02-8476-B134EFC24E2A}.QA|Any CPU.ActiveCfg = QA|Any CPU
		{E2C867C0-91A8-4F02-8476-B134EFC24E2A}.QA|Any CPU.Build.0 = QA|Any CPU
		{E2C867C0-91A8-4F02-8476-B134EFC24E2A}.QAStage|Any CPU.ActiveCfg = Release|Any CPU
		{E2C867C0-91A8-4F02-8476-B134EFC24E2A}.QAStage|Any CPU.Build.0 = Release|Any CPU
		{E2C867C0-91A8-4F02-8476-B134EFC24E2A}.Release|Any CPU.ActiveCfg = Release|Any CPU
		{E2C867C0-91A8-4F02-8476-B134EFC24E2A}.Release|Any CPU.Build.0 = Release|Any CPU
		{E2C867C0-91A8-4F02-8476-B134EFC24E2A}.Stage|Any CPU.ActiveCfg = Release|Any CPU
		{E2C867C0-91A8-4F02-8476-B134EFC24E2A}.Stage|Any CPU.Build.0 = Release|Any CPU
		{E08BDA0E-A27D-4D7A-B73B-56B2F0652F29}.Basel|Any CPU.ActiveCfg = Release|Any CPU
		{E08BDA0E-A27D-4D7A-B73B-56B2F0652F29}.Basel|Any CPU.Build.0 = Release|Any CPU
		{E08BDA0E-A27D-4D7A-B73B-56B2F0652F29}.Debug|Any CPU.ActiveCfg = Debug|Any CPU
		{E08BDA0E-A27D-4D7A-B73B-56B2F0652F29}.Debug|Any CPU.Build.0 = Debug|Any CPU
		{E08BDA0E-A27D-4D7A-B73B-56B2F0652F29}.Demo|Any CPU.ActiveCfg = Debug|Any CPU
		{E08BDA0E-A27D-4D7A-B73B-56B2F0652F29}.Demo|Any CPU.Build.0 = Debug|Any CPU
		{E08BDA0E-A27D-4D7A-B73B-56B2F0652F29}.Dev|Any CPU.ActiveCfg = Debug|Any CPU
		{E08BDA0E-A27D-4D7A-B73B-56B2F0652F29}.Dev|Any CPU.Build.0 = Debug|Any CPU
		{E08BDA0E-A27D-4D7A-B73B-56B2F0652F29}.DevelopmentQA|Any CPU.ActiveCfg = Debug|Any CPU
		{E08BDA0E-A27D-4D7A-B73B-56B2F0652F29}.DevelopmentQA|Any CPU.Build.0 = Debug|Any CPU
		{E08BDA0E-A27D-4D7A-B73B-56B2F0652F29}.Production|Any CPU.ActiveCfg = Production|Any CPU
		{E08BDA0E-A27D-4D7A-B73B-56B2F0652F29}.Production|Any CPU.Build.0 = Production|Any CPU
		{E08BDA0E-A27D-4D7A-B73B-56B2F0652F29}.QA|Any CPU.ActiveCfg = QA|Any CPU
		{E08BDA0E-A27D-4D7A-B73B-56B2F0652F29}.QA|Any CPU.Build.0 = QA|Any CPU
		{E08BDA0E-A27D-4D7A-B73B-56B2F0652F29}.QAStage|Any CPU.ActiveCfg = Release|Any CPU
		{E08BDA0E-A27D-4D7A-B73B-56B2F0652F29}.QAStage|Any CPU.Build.0 = Release|Any CPU
		{E08BDA0E-A27D-4D7A-B73B-56B2F0652F29}.Release|Any CPU.ActiveCfg = Release|Any CPU
		{E08BDA0E-A27D-4D7A-B73B-56B2F0652F29}.Release|Any CPU.Build.0 = Release|Any CPU
		{E08BDA0E-A27D-4D7A-B73B-56B2F0652F29}.Stage|Any CPU.ActiveCfg = Release|Any CPU
		{E08BDA0E-A27D-4D7A-B73B-56B2F0652F29}.Stage|Any CPU.Build.0 = Release|Any CPU
		{9553E06C-6ACA-4A6D-B31B-1544CD10EACE}.Basel|Any CPU.ActiveCfg = Release|Any CPU
		{9553E06C-6ACA-4A6D-B31B-1544CD10EACE}.Basel|Any CPU.Build.0 = Release|Any CPU
		{9553E06C-6ACA-4A6D-B31B-1544CD10EACE}.Debug|Any CPU.ActiveCfg = Debug|Any CPU
		{9553E06C-6ACA-4A6D-B31B-1544CD10EACE}.Debug|Any CPU.Build.0 = Debug|Any CPU
		{9553E06C-6ACA-4A6D-B31B-1544CD10EACE}.Demo|Any CPU.ActiveCfg = Debug|Any CPU
		{9553E06C-6ACA-4A6D-B31B-1544CD10EACE}.Demo|Any CPU.Build.0 = Debug|Any CPU
		{9553E06C-6ACA-4A6D-B31B-1544CD10EACE}.Dev|Any CPU.ActiveCfg = Debug|Any CPU
		{9553E06C-6ACA-4A6D-B31B-1544CD10EACE}.Dev|Any CPU.Build.0 = Debug|Any CPU
		{9553E06C-6ACA-4A6D-B31B-1544CD10EACE}.DevelopmentQA|Any CPU.ActiveCfg = Debug|Any CPU
		{9553E06C-6ACA-4A6D-B31B-1544CD10EACE}.DevelopmentQA|Any CPU.Build.0 = Debug|Any CPU
		{9553E06C-6ACA-4A6D-B31B-1544CD10EACE}.Production|Any CPU.ActiveCfg = Production|Any CPU
		{9553E06C-6ACA-4A6D-B31B-1544CD10EACE}.Production|Any CPU.Build.0 = Production|Any CPU
		{9553E06C-6ACA-4A6D-B31B-1544CD10EACE}.QA|Any CPU.ActiveCfg = QA|Any CPU
		{9553E06C-6ACA-4A6D-B31B-1544CD10EACE}.QA|Any CPU.Build.0 = QA|Any CPU
		{9553E06C-6ACA-4A6D-B31B-1544CD10EACE}.QAStage|Any CPU.ActiveCfg = Release|Any CPU
		{9553E06C-6ACA-4A6D-B31B-1544CD10EACE}.QAStage|Any CPU.Build.0 = Release|Any CPU
		{9553E06C-6ACA-4A6D-B31B-1544CD10EACE}.Release|Any CPU.ActiveCfg = Release|Any CPU
		{9553E06C-6ACA-4A6D-B31B-1544CD10EACE}.Release|Any CPU.Build.0 = Release|Any CPU
		{9553E06C-6ACA-4A6D-B31B-1544CD10EACE}.Stage|Any CPU.ActiveCfg = Release|Any CPU
		{9553E06C-6ACA-4A6D-B31B-1544CD10EACE}.Stage|Any CPU.Build.0 = Release|Any CPU
		{47BC5D0C-F6C7-4C86-9F71-DFFD66CEA359}.Basel|Any CPU.ActiveCfg = Release|Any CPU
		{47BC5D0C-F6C7-4C86-9F71-DFFD66CEA359}.Basel|Any CPU.Build.0 = Release|Any CPU
		{47BC5D0C-F6C7-4C86-9F71-DFFD66CEA359}.Debug|Any CPU.ActiveCfg = Debug|Any CPU
		{47BC5D0C-F6C7-4C86-9F71-DFFD66CEA359}.Debug|Any CPU.Build.0 = Debug|Any CPU
		{47BC5D0C-F6C7-4C86-9F71-DFFD66CEA359}.Demo|Any CPU.ActiveCfg = Debug|Any CPU
		{47BC5D0C-F6C7-4C86-9F71-DFFD66CEA359}.Demo|Any CPU.Build.0 = Debug|Any CPU
		{47BC5D0C-F6C7-4C86-9F71-DFFD66CEA359}.Dev|Any CPU.ActiveCfg = Debug|Any CPU
		{47BC5D0C-F6C7-4C86-9F71-DFFD66CEA359}.Dev|Any CPU.Build.0 = Debug|Any CPU
		{47BC5D0C-F6C7-4C86-9F71-DFFD66CEA359}.DevelopmentQA|Any CPU.ActiveCfg = Debug|Any CPU
		{47BC5D0C-F6C7-4C86-9F71-DFFD66CEA359}.DevelopmentQA|Any CPU.Build.0 = Debug|Any CPU
		{47BC5D0C-F6C7-4C86-9F71-DFFD66CEA359}.Production|Any CPU.ActiveCfg = Production|Any CPU
		{47BC5D0C-F6C7-4C86-9F71-DFFD66CEA359}.Production|Any CPU.Build.0 = Production|Any CPU
		{47BC5D0C-F6C7-4C86-9F71-DFFD66CEA359}.QA|Any CPU.ActiveCfg = QA|Any CPU
		{47BC5D0C-F6C7-4C86-9F71-DFFD66CEA359}.QA|Any CPU.Build.0 = QA|Any CPU
		{47BC5D0C-F6C7-4C86-9F71-DFFD66CEA359}.QAStage|Any CPU.ActiveCfg = Release|Any CPU
		{47BC5D0C-F6C7-4C86-9F71-DFFD66CEA359}.QAStage|Any CPU.Build.0 = Release|Any CPU
		{47BC5D0C-F6C7-4C86-9F71-DFFD66CEA359}.Release|Any CPU.ActiveCfg = Release|Any CPU
		{47BC5D0C-F6C7-4C86-9F71-DFFD66CEA359}.Release|Any CPU.Build.0 = Release|Any CPU
		{47BC5D0C-F6C7-4C86-9F71-DFFD66CEA359}.Stage|Any CPU.ActiveCfg = Release|Any CPU
		{47BC5D0C-F6C7-4C86-9F71-DFFD66CEA359}.Stage|Any CPU.Build.0 = Release|Any CPU
		{6AD48913-6E5E-442C-A41F-E73942A97657}.Basel|Any CPU.ActiveCfg = Release|Any CPU
		{6AD48913-6E5E-442C-A41F-E73942A97657}.Basel|Any CPU.Build.0 = Release|Any CPU
		{6AD48913-6E5E-442C-A41F-E73942A97657}.Debug|Any CPU.ActiveCfg = Debug|Any CPU
		{6AD48913-6E5E-442C-A41F-E73942A97657}.Debug|Any CPU.Build.0 = Debug|Any CPU
		{6AD48913-6E5E-442C-A41F-E73942A97657}.Demo|Any CPU.ActiveCfg = Debug|Any CPU
		{6AD48913-6E5E-442C-A41F-E73942A97657}.Demo|Any CPU.Build.0 = Debug|Any CPU
		{6AD48913-6E5E-442C-A41F-E73942A97657}.Dev|Any CPU.ActiveCfg = Debug|Any CPU
		{6AD48913-6E5E-442C-A41F-E73942A97657}.Dev|Any CPU.Build.0 = Debug|Any CPU
		{6AD48913-6E5E-442C-A41F-E73942A97657}.DevelopmentQA|Any CPU.ActiveCfg = Debug|Any CPU
		{6AD48913-6E5E-442C-A41F-E73942A97657}.DevelopmentQA|Any CPU.Build.0 = Debug|Any CPU
		{6AD48913-6E5E-442C-A41F-E73942A97657}.Production|Any CPU.ActiveCfg = Production|Any CPU
		{6AD48913-6E5E-442C-A41F-E73942A97657}.Production|Any CPU.Build.0 = Production|Any CPU
		{6AD48913-6E5E-442C-A41F-E73942A97657}.QA|Any CPU.ActiveCfg = QA|Any CPU
		{6AD48913-6E5E-442C-A41F-E73942A97657}.QA|Any CPU.Build.0 = QA|Any CPU
		{6AD48913-6E5E-442C-A41F-E73942A97657}.QAStage|Any CPU.ActiveCfg = Release|Any CPU
		{6AD48913-6E5E-442C-A41F-E73942A97657}.QAStage|Any CPU.Build.0 = Release|Any CPU
		{6AD48913-6E5E-442C-A41F-E73942A97657}.Release|Any CPU.ActiveCfg = Release|Any CPU
		{6AD48913-6E5E-442C-A41F-E73942A97657}.Release|Any CPU.Build.0 = Release|Any CPU
		{6AD48913-6E5E-442C-A41F-E73942A97657}.Stage|Any CPU.ActiveCfg = Release|Any CPU
		{6AD48913-6E5E-442C-A41F-E73942A97657}.Stage|Any CPU.Build.0 = Release|Any CPU
		{7623684A-6EA0-44CF-9C5F-4C507662124E}.Basel|Any CPU.ActiveCfg = Release|Any CPU
		{7623684A-6EA0-44CF-9C5F-4C507662124E}.Basel|Any CPU.Build.0 = Release|Any CPU
		{7623684A-6EA0-44CF-9C5F-4C507662124E}.Debug|Any CPU.ActiveCfg = Debug|Any CPU
		{7623684A-6EA0-44CF-9C5F-4C507662124E}.Debug|Any CPU.Build.0 = Debug|Any CPU
		{7623684A-6EA0-44CF-9C5F-4C507662124E}.Demo|Any CPU.ActiveCfg = Debug|Any CPU
		{7623684A-6EA0-44CF-9C5F-4C507662124E}.Demo|Any CPU.Build.0 = Debug|Any CPU
		{7623684A-6EA0-44CF-9C5F-4C507662124E}.Dev|Any CPU.ActiveCfg = Debug|Any CPU
		{7623684A-6EA0-44CF-9C5F-4C507662124E}.Dev|Any CPU.Build.0 = Debug|Any CPU
		{7623684A-6EA0-44CF-9C5F-4C507662124E}.DevelopmentQA|Any CPU.ActiveCfg = Debug|Any CPU
		{7623684A-6EA0-44CF-9C5F-4C507662124E}.DevelopmentQA|Any CPU.Build.0 = Debug|Any CPU
		{7623684A-6EA0-44CF-9C5F-4C507662124E}.Production|Any CPU.ActiveCfg = Production|Any CPU
		{7623684A-6EA0-44CF-9C5F-4C507662124E}.Production|Any CPU.Build.0 = Production|Any CPU
		{7623684A-6EA0-44CF-9C5F-4C507662124E}.QA|Any CPU.ActiveCfg = QA|Any CPU
		{7623684A-6EA0-44CF-9C5F-4C507662124E}.QA|Any CPU.Build.0 = QA|Any CPU
		{7623684A-6EA0-44CF-9C5F-4C507662124E}.QAStage|Any CPU.ActiveCfg = Release|Any CPU
		{7623684A-6EA0-44CF-9C5F-4C507662124E}.QAStage|Any CPU.Build.0 = Release|Any CPU
		{7623684A-6EA0-44CF-9C5F-4C507662124E}.Release|Any CPU.ActiveCfg = Release|Any CPU
		{7623684A-6EA0-44CF-9C5F-4C507662124E}.Release|Any CPU.Build.0 = Release|Any CPU
		{7623684A-6EA0-44CF-9C5F-4C507662124E}.Stage|Any CPU.ActiveCfg = Release|Any CPU
		{7623684A-6EA0-44CF-9C5F-4C507662124E}.Stage|Any CPU.Build.0 = Release|Any CPU
		{5334402E-3014-4C20-B96E-8E9DF60DFC0A}.Basel|Any CPU.ActiveCfg = Release|Any CPU
		{5334402E-3014-4C20-B96E-8E9DF60DFC0A}.Basel|Any CPU.Build.0 = Release|Any CPU
		{5334402E-3014-4C20-B96E-8E9DF60DFC0A}.Debug|Any CPU.ActiveCfg = Debug|Any CPU
		{5334402E-3014-4C20-B96E-8E9DF60DFC0A}.Debug|Any CPU.Build.0 = Debug|Any CPU
		{5334402E-3014-4C20-B96E-8E9DF60DFC0A}.Demo|Any CPU.ActiveCfg = Debug|Any CPU
		{5334402E-3014-4C20-B96E-8E9DF60DFC0A}.Demo|Any CPU.Build.0 = Debug|Any CPU
		{5334402E-3014-4C20-B96E-8E9DF60DFC0A}.Dev|Any CPU.ActiveCfg = Debug|Any CPU
		{5334402E-3014-4C20-B96E-8E9DF60DFC0A}.Dev|Any CPU.Build.0 = Debug|Any CPU
		{5334402E-3014-4C20-B96E-8E9DF60DFC0A}.DevelopmentQA|Any CPU.ActiveCfg = Debug|Any CPU
		{5334402E-3014-4C20-B96E-8E9DF60DFC0A}.DevelopmentQA|Any CPU.Build.0 = Debug|Any CPU
		{5334402E-3014-4C20-B96E-8E9DF60DFC0A}.Production|Any CPU.ActiveCfg = Production|Any CPU
		{5334402E-3014-4C20-B96E-8E9DF60DFC0A}.Production|Any CPU.Build.0 = Production|Any CPU
		{5334402E-3014-4C20-B96E-8E9DF60DFC0A}.QA|Any CPU.ActiveCfg = QA|Any CPU
		{5334402E-3014-4C20-B96E-8E9DF60DFC0A}.QA|Any CPU.Build.0 = QA|Any CPU
		{5334402E-3014-4C20-B96E-8E9DF60DFC0A}.QAStage|Any CPU.ActiveCfg = Release|Any CPU
		{5334402E-3014-4C20-B96E-8E9DF60DFC0A}.QAStage|Any CPU.Build.0 = Release|Any CPU
		{5334402E-3014-4C20-B96E-8E9DF60DFC0A}.Release|Any CPU.ActiveCfg = Release|Any CPU
		{5334402E-3014-4C20-B96E-8E9DF60DFC0A}.Release|Any CPU.Build.0 = Release|Any CPU
		{5334402E-3014-4C20-B96E-8E9DF60DFC0A}.Stage|Any CPU.ActiveCfg = Release|Any CPU
		{5334402E-3014-4C20-B96E-8E9DF60DFC0A}.Stage|Any CPU.Build.0 = Release|Any CPU
		{C6871E42-8060-4F57-9037-FF89CDB533CA}.Basel|Any CPU.ActiveCfg = Release|Any CPU
		{C6871E42-8060-4F57-9037-FF89CDB533CA}.Basel|Any CPU.Build.0 = Release|Any CPU
		{C6871E42-8060-4F57-9037-FF89CDB533CA}.Debug|Any CPU.ActiveCfg = Debug|Any CPU
		{C6871E42-8060-4F57-9037-FF89CDB533CA}.Debug|Any CPU.Build.0 = Debug|Any CPU
		{C6871E42-8060-4F57-9037-FF89CDB533CA}.Demo|Any CPU.ActiveCfg = Debug|Any CPU
		{C6871E42-8060-4F57-9037-FF89CDB533CA}.Demo|Any CPU.Build.0 = Debug|Any CPU
		{C6871E42-8060-4F57-9037-FF89CDB533CA}.Dev|Any CPU.ActiveCfg = Debug|Any CPU
		{C6871E42-8060-4F57-9037-FF89CDB533CA}.Dev|Any CPU.Build.0 = Debug|Any CPU
		{C6871E42-8060-4F57-9037-FF89CDB533CA}.DevelopmentQA|Any CPU.ActiveCfg = Debug|Any CPU
		{C6871E42-8060-4F57-9037-FF89CDB533CA}.DevelopmentQA|Any CPU.Build.0 = Debug|Any CPU
		{C6871E42-8060-4F57-9037-FF89CDB533CA}.Production|Any CPU.ActiveCfg = Production|Any CPU
		{C6871E42-8060-4F57-9037-FF89CDB533CA}.Production|Any CPU.Build.0 = Production|Any CPU
		{C6871E42-8060-4F57-9037-FF89CDB533CA}.QA|Any CPU.ActiveCfg = QA|Any CPU
		{C6871E42-8060-4F57-9037-FF89CDB533CA}.QA|Any CPU.Build.0 = QA|Any CPU
		{C6871E42-8060-4F57-9037-FF89CDB533CA}.QAStage|Any CPU.ActiveCfg = Release|Any CPU
		{C6871E42-8060-4F57-9037-FF89CDB533CA}.QAStage|Any CPU.Build.0 = Release|Any CPU
		{C6871E42-8060-4F57-9037-FF89CDB533CA}.Release|Any CPU.ActiveCfg = Release|Any CPU
		{C6871E42-8060-4F57-9037-FF89CDB533CA}.Release|Any CPU.Build.0 = Release|Any CPU
		{C6871E42-8060-4F57-9037-FF89CDB533CA}.Stage|Any CPU.ActiveCfg = Release|Any CPU
		{C6871E42-8060-4F57-9037-FF89CDB533CA}.Stage|Any CPU.Build.0 = Release|Any CPU
		{47E4DC5C-51D0-4645-9D16-59ED65BB2342}.Basel|Any CPU.ActiveCfg = Release|Any CPU
		{47E4DC5C-51D0-4645-9D16-59ED65BB2342}.Basel|Any CPU.Build.0 = Release|Any CPU
		{47E4DC5C-51D0-4645-9D16-59ED65BB2342}.Debug|Any CPU.ActiveCfg = Debug|Any CPU
		{47E4DC5C-51D0-4645-9D16-59ED65BB2342}.Debug|Any CPU.Build.0 = Debug|Any CPU
		{47E4DC5C-51D0-4645-9D16-59ED65BB2342}.Demo|Any CPU.ActiveCfg = Debug|Any CPU
		{47E4DC5C-51D0-4645-9D16-59ED65BB2342}.Demo|Any CPU.Build.0 = Debug|Any CPU
		{47E4DC5C-51D0-4645-9D16-59ED65BB2342}.Dev|Any CPU.ActiveCfg = Debug|Any CPU
		{47E4DC5C-51D0-4645-9D16-59ED65BB2342}.Dev|Any CPU.Build.0 = Debug|Any CPU
		{47E4DC5C-51D0-4645-9D16-59ED65BB2342}.DevelopmentQA|Any CPU.ActiveCfg = Debug|Any CPU
		{47E4DC5C-51D0-4645-9D16-59ED65BB2342}.DevelopmentQA|Any CPU.Build.0 = Debug|Any CPU
		{47E4DC5C-51D0-4645-9D16-59ED65BB2342}.Production|Any CPU.ActiveCfg = Production|Any CPU
		{47E4DC5C-51D0-4645-9D16-59ED65BB2342}.Production|Any CPU.Build.0 = Production|Any CPU
		{47E4DC5C-51D0-4645-9D16-59ED65BB2342}.QA|Any CPU.ActiveCfg = QA|Any CPU
		{47E4DC5C-51D0-4645-9D16-59ED65BB2342}.QA|Any CPU.Build.0 = QA|Any CPU
		{47E4DC5C-51D0-4645-9D16-59ED65BB2342}.QAStage|Any CPU.ActiveCfg = Release|Any CPU
		{47E4DC5C-51D0-4645-9D16-59ED65BB2342}.QAStage|Any CPU.Build.0 = Release|Any CPU
		{47E4DC5C-51D0-4645-9D16-59ED65BB2342}.Release|Any CPU.ActiveCfg = Release|Any CPU
		{47E4DC5C-51D0-4645-9D16-59ED65BB2342}.Release|Any CPU.Build.0 = Release|Any CPU
		{47E4DC5C-51D0-4645-9D16-59ED65BB2342}.Stage|Any CPU.ActiveCfg = Release|Any CPU
		{47E4DC5C-51D0-4645-9D16-59ED65BB2342}.Stage|Any CPU.Build.0 = Release|Any CPU
		{52CC7CA2-254F-49E0-AE45-FFA426DA4289}.Basel|Any CPU.ActiveCfg = Release|Any CPU
		{52CC7CA2-254F-49E0-AE45-FFA426DA4289}.Basel|Any CPU.Build.0 = Release|Any CPU
		{52CC7CA2-254F-49E0-AE45-FFA426DA4289}.Debug|Any CPU.ActiveCfg = Debug|Any CPU
		{52CC7CA2-254F-49E0-AE45-FFA426DA4289}.Debug|Any CPU.Build.0 = Debug|Any CPU
		{52CC7CA2-254F-49E0-AE45-FFA426DA4289}.Demo|Any CPU.ActiveCfg = Debug|Any CPU
		{52CC7CA2-254F-49E0-AE45-FFA426DA4289}.Demo|Any CPU.Build.0 = Debug|Any CPU
		{52CC7CA2-254F-49E0-AE45-FFA426DA4289}.Dev|Any CPU.ActiveCfg = Debug|Any CPU
		{52CC7CA2-254F-49E0-AE45-FFA426DA4289}.Dev|Any CPU.Build.0 = Debug|Any CPU
		{52CC7CA2-254F-49E0-AE45-FFA426DA4289}.DevelopmentQA|Any CPU.ActiveCfg = Debug|Any CPU
		{52CC7CA2-254F-49E0-AE45-FFA426DA4289}.DevelopmentQA|Any CPU.Build.0 = Debug|Any CPU
		{52CC7CA2-254F-49E0-AE45-FFA426DA4289}.Production|Any CPU.ActiveCfg = Production|Any CPU
		{52CC7CA2-254F-49E0-AE45-FFA426DA4289}.Production|Any CPU.Build.0 = Production|Any CPU
		{52CC7CA2-254F-49E0-AE45-FFA426DA4289}.QA|Any CPU.ActiveCfg = QA|Any CPU
		{52CC7CA2-254F-49E0-AE45-FFA426DA4289}.QA|Any CPU.Build.0 = QA|Any CPU
		{52CC7CA2-254F-49E0-AE45-FFA426DA4289}.QAStage|Any CPU.ActiveCfg = Release|Any CPU
		{52CC7CA2-254F-49E0-AE45-FFA426DA4289}.QAStage|Any CPU.Build.0 = Release|Any CPU
		{52CC7CA2-254F-49E0-AE45-FFA426DA4289}.Release|Any CPU.ActiveCfg = Release|Any CPU
		{52CC7CA2-254F-49E0-AE45-FFA426DA4289}.Release|Any CPU.Build.0 = Release|Any CPU
		{52CC7CA2-254F-49E0-AE45-FFA426DA4289}.Stage|Any CPU.ActiveCfg = Release|Any CPU
		{52CC7CA2-254F-49E0-AE45-FFA426DA4289}.Stage|Any CPU.Build.0 = Release|Any CPU
		{0CF20C80-ADFC-4385-9708-92CCEE79553E}.Basel|Any CPU.ActiveCfg = Release|Any CPU
		{0CF20C80-ADFC-4385-9708-92CCEE79553E}.Basel|Any CPU.Build.0 = Release|Any CPU
		{0CF20C80-ADFC-4385-9708-92CCEE79553E}.Debug|Any CPU.ActiveCfg = Debug|Any CPU
		{0CF20C80-ADFC-4385-9708-92CCEE79553E}.Debug|Any CPU.Build.0 = Debug|Any CPU
		{0CF20C80-ADFC-4385-9708-92CCEE79553E}.Demo|Any CPU.ActiveCfg = Debug|Any CPU
		{0CF20C80-ADFC-4385-9708-92CCEE79553E}.Demo|Any CPU.Build.0 = Debug|Any CPU
		{0CF20C80-ADFC-4385-9708-92CCEE79553E}.Dev|Any CPU.ActiveCfg = Debug|Any CPU
		{0CF20C80-ADFC-4385-9708-92CCEE79553E}.Dev|Any CPU.Build.0 = Debug|Any CPU
		{0CF20C80-ADFC-4385-9708-92CCEE79553E}.DevelopmentQA|Any CPU.ActiveCfg = Debug|Any CPU
		{0CF20C80-ADFC-4385-9708-92CCEE79553E}.DevelopmentQA|Any CPU.Build.0 = Debug|Any CPU
		{0CF20C80-ADFC-4385-9708-92CCEE79553E}.Production|Any CPU.ActiveCfg = Production|Any CPU
		{0CF20C80-ADFC-4385-9708-92CCEE79553E}.Production|Any CPU.Build.0 = Production|Any CPU
		{0CF20C80-ADFC-4385-9708-92CCEE79553E}.QA|Any CPU.ActiveCfg = QA|Any CPU
		{0CF20C80-ADFC-4385-9708-92CCEE79553E}.QA|Any CPU.Build.0 = QA|Any CPU
		{0CF20C80-ADFC-4385-9708-92CCEE79553E}.QAStage|Any CPU.ActiveCfg = Release|Any CPU
		{0CF20C80-ADFC-4385-9708-92CCEE79553E}.QAStage|Any CPU.Build.0 = Release|Any CPU
		{0CF20C80-ADFC-4385-9708-92CCEE79553E}.Release|Any CPU.ActiveCfg = Release|Any CPU
		{0CF20C80-ADFC-4385-9708-92CCEE79553E}.Release|Any CPU.Build.0 = Release|Any CPU
		{0CF20C80-ADFC-4385-9708-92CCEE79553E}.Stage|Any CPU.ActiveCfg = Release|Any CPU
		{0CF20C80-ADFC-4385-9708-92CCEE79553E}.Stage|Any CPU.Build.0 = Release|Any CPU
		{426843CB-3BAE-411D-A40F-EF9A109F97FC}.Basel|Any CPU.ActiveCfg = Release|Any CPU
		{426843CB-3BAE-411D-A40F-EF9A109F97FC}.Basel|Any CPU.Build.0 = Release|Any CPU
		{426843CB-3BAE-411D-A40F-EF9A109F97FC}.Debug|Any CPU.ActiveCfg = Debug|Any CPU
		{426843CB-3BAE-411D-A40F-EF9A109F97FC}.Debug|Any CPU.Build.0 = Debug|Any CPU
		{426843CB-3BAE-411D-A40F-EF9A109F97FC}.Demo|Any CPU.ActiveCfg = Debug|Any CPU
		{426843CB-3BAE-411D-A40F-EF9A109F97FC}.Demo|Any CPU.Build.0 = Debug|Any CPU
		{426843CB-3BAE-411D-A40F-EF9A109F97FC}.Dev|Any CPU.ActiveCfg = Debug|Any CPU
		{426843CB-3BAE-411D-A40F-EF9A109F97FC}.Dev|Any CPU.Build.0 = Debug|Any CPU
		{426843CB-3BAE-411D-A40F-EF9A109F97FC}.DevelopmentQA|Any CPU.ActiveCfg = Debug|Any CPU
		{426843CB-3BAE-411D-A40F-EF9A109F97FC}.DevelopmentQA|Any CPU.Build.0 = Debug|Any CPU
		{426843CB-3BAE-411D-A40F-EF9A109F97FC}.Production|Any CPU.ActiveCfg = Production|Any CPU
		{426843CB-3BAE-411D-A40F-EF9A109F97FC}.Production|Any CPU.Build.0 = Production|Any CPU
		{426843CB-3BAE-411D-A40F-EF9A109F97FC}.QA|Any CPU.ActiveCfg = QA|Any CPU
		{426843CB-3BAE-411D-A40F-EF9A109F97FC}.QA|Any CPU.Build.0 = QA|Any CPU
		{426843CB-3BAE-411D-A40F-EF9A109F97FC}.QAStage|Any CPU.ActiveCfg = Release|Any CPU
		{426843CB-3BAE-411D-A40F-EF9A109F97FC}.QAStage|Any CPU.Build.0 = Release|Any CPU
		{426843CB-3BAE-411D-A40F-EF9A109F97FC}.Release|Any CPU.ActiveCfg = Release|Any CPU
		{426843CB-3BAE-411D-A40F-EF9A109F97FC}.Release|Any CPU.Build.0 = Release|Any CPU
		{426843CB-3BAE-411D-A40F-EF9A109F97FC}.Stage|Any CPU.ActiveCfg = Release|Any CPU
		{426843CB-3BAE-411D-A40F-EF9A109F97FC}.Stage|Any CPU.Build.0 = Release|Any CPU
		{3C8E43EA-F4FD-435C-A713-4C6DBC7D9689}.Basel|Any CPU.ActiveCfg = Release|Any CPU
		{3C8E43EA-F4FD-435C-A713-4C6DBC7D9689}.Basel|Any CPU.Build.0 = Release|Any CPU
		{3C8E43EA-F4FD-435C-A713-4C6DBC7D9689}.Debug|Any CPU.ActiveCfg = Debug|Any CPU
		{3C8E43EA-F4FD-435C-A713-4C6DBC7D9689}.Debug|Any CPU.Build.0 = Debug|Any CPU
		{3C8E43EA-F4FD-435C-A713-4C6DBC7D9689}.Demo|Any CPU.ActiveCfg = Debug|Any CPU
		{3C8E43EA-F4FD-435C-A713-4C6DBC7D9689}.Demo|Any CPU.Build.0 = Debug|Any CPU
		{3C8E43EA-F4FD-435C-A713-4C6DBC7D9689}.Dev|Any CPU.ActiveCfg = Debug|Any CPU
		{3C8E43EA-F4FD-435C-A713-4C6DBC7D9689}.Dev|Any CPU.Build.0 = Debug|Any CPU
		{3C8E43EA-F4FD-435C-A713-4C6DBC7D9689}.DevelopmentQA|Any CPU.ActiveCfg = Debug|Any CPU
		{3C8E43EA-F4FD-435C-A713-4C6DBC7D9689}.DevelopmentQA|Any CPU.Build.0 = Debug|Any CPU
		{3C8E43EA-F4FD-435C-A713-4C6DBC7D9689}.Production|Any CPU.ActiveCfg = Production|Any CPU
		{3C8E43EA-F4FD-435C-A713-4C6DBC7D9689}.Production|Any CPU.Build.0 = Production|Any CPU
		{3C8E43EA-F4FD-435C-A713-4C6DBC7D9689}.QA|Any CPU.ActiveCfg = QA|Any CPU
		{3C8E43EA-F4FD-435C-A713-4C6DBC7D9689}.QA|Any CPU.Build.0 = QA|Any CPU
		{3C8E43EA-F4FD-435C-A713-4C6DBC7D9689}.QAStage|Any CPU.ActiveCfg = Release|Any CPU
		{3C8E43EA-F4FD-435C-A713-4C6DBC7D9689}.QAStage|Any CPU.Build.0 = Release|Any CPU
		{3C8E43EA-F4FD-435C-A713-4C6DBC7D9689}.Release|Any CPU.ActiveCfg = Release|Any CPU
		{3C8E43EA-F4FD-435C-A713-4C6DBC7D9689}.Release|Any CPU.Build.0 = Release|Any CPU
		{3C8E43EA-F4FD-435C-A713-4C6DBC7D9689}.Stage|Any CPU.ActiveCfg = Release|Any CPU
		{3C8E43EA-F4FD-435C-A713-4C6DBC7D9689}.Stage|Any CPU.Build.0 = Release|Any CPU
		{83A6B545-C6B5-4805-A5D6-74C3FF7E573E}.Basel|Any CPU.ActiveCfg = Release|Any CPU
		{83A6B545-C6B5-4805-A5D6-74C3FF7E573E}.Basel|Any CPU.Build.0 = Release|Any CPU
		{83A6B545-C6B5-4805-A5D6-74C3FF7E573E}.Debug|Any CPU.ActiveCfg = Debug|Any CPU
		{83A6B545-C6B5-4805-A5D6-74C3FF7E573E}.Debug|Any CPU.Build.0 = Debug|Any CPU
		{83A6B545-C6B5-4805-A5D6-74C3FF7E573E}.Demo|Any CPU.ActiveCfg = Debug|Any CPU
		{83A6B545-C6B5-4805-A5D6-74C3FF7E573E}.Demo|Any CPU.Build.0 = Debug|Any CPU
		{83A6B545-C6B5-4805-A5D6-74C3FF7E573E}.Dev|Any CPU.ActiveCfg = Debug|Any CPU
		{83A6B545-C6B5-4805-A5D6-74C3FF7E573E}.Dev|Any CPU.Build.0 = Debug|Any CPU
		{83A6B545-C6B5-4805-A5D6-74C3FF7E573E}.DevelopmentQA|Any CPU.ActiveCfg = Debug|Any CPU
		{83A6B545-C6B5-4805-A5D6-74C3FF7E573E}.DevelopmentQA|Any CPU.Build.0 = Debug|Any CPU
		{83A6B545-C6B5-4805-A5D6-74C3FF7E573E}.Production|Any CPU.ActiveCfg = Production|Any CPU
		{83A6B545-C6B5-4805-A5D6-74C3FF7E573E}.Production|Any CPU.Build.0 = Production|Any CPU
		{83A6B545-C6B5-4805-A5D6-74C3FF7E573E}.QA|Any CPU.ActiveCfg = QA|Any CPU
		{83A6B545-C6B5-4805-A5D6-74C3FF7E573E}.QA|Any CPU.Build.0 = QA|Any CPU
		{83A6B545-C6B5-4805-A5D6-74C3FF7E573E}.QAStage|Any CPU.ActiveCfg = Release|Any CPU
		{83A6B545-C6B5-4805-A5D6-74C3FF7E573E}.QAStage|Any CPU.Build.0 = Release|Any CPU
		{83A6B545-C6B5-4805-A5D6-74C3FF7E573E}.Release|Any CPU.ActiveCfg = Release|Any CPU
		{83A6B545-C6B5-4805-A5D6-74C3FF7E573E}.Release|Any CPU.Build.0 = Release|Any CPU
		{83A6B545-C6B5-4805-A5D6-74C3FF7E573E}.Stage|Any CPU.ActiveCfg = Release|Any CPU
		{83A6B545-C6B5-4805-A5D6-74C3FF7E573E}.Stage|Any CPU.Build.0 = Release|Any CPU
		{B2A8AFBB-E3F5-4E8D-AA53-7CBEC7B82388}.Basel|Any CPU.ActiveCfg = Release|Any CPU
		{B2A8AFBB-E3F5-4E8D-AA53-7CBEC7B82388}.Basel|Any CPU.Build.0 = Release|Any CPU
		{B2A8AFBB-E3F5-4E8D-AA53-7CBEC7B82388}.Debug|Any CPU.ActiveCfg = Debug|Any CPU
		{B2A8AFBB-E3F5-4E8D-AA53-7CBEC7B82388}.Debug|Any CPU.Build.0 = Debug|Any CPU
		{B2A8AFBB-E3F5-4E8D-AA53-7CBEC7B82388}.Demo|Any CPU.ActiveCfg = Debug|Any CPU
		{B2A8AFBB-E3F5-4E8D-AA53-7CBEC7B82388}.Demo|Any CPU.Build.0 = Debug|Any CPU
		{B2A8AFBB-E3F5-4E8D-AA53-7CBEC7B82388}.Dev|Any CPU.ActiveCfg = Debug|Any CPU
		{B2A8AFBB-E3F5-4E8D-AA53-7CBEC7B82388}.Dev|Any CPU.Build.0 = Debug|Any CPU
		{B2A8AFBB-E3F5-4E8D-AA53-7CBEC7B82388}.DevelopmentQA|Any CPU.ActiveCfg = Debug|Any CPU
		{B2A8AFBB-E3F5-4E8D-AA53-7CBEC7B82388}.DevelopmentQA|Any CPU.Build.0 = Debug|Any CPU
		{B2A8AFBB-E3F5-4E8D-AA53-7CBEC7B82388}.Production|Any CPU.ActiveCfg = Production|Any CPU
		{B2A8AFBB-E3F5-4E8D-AA53-7CBEC7B82388}.Production|Any CPU.Build.0 = Production|Any CPU
		{B2A8AFBB-E3F5-4E8D-AA53-7CBEC7B82388}.QA|Any CPU.ActiveCfg = QA|Any CPU
		{B2A8AFBB-E3F5-4E8D-AA53-7CBEC7B82388}.QA|Any CPU.Build.0 = QA|Any CPU
		{B2A8AFBB-E3F5-4E8D-AA53-7CBEC7B82388}.QAStage|Any CPU.ActiveCfg = Release|Any CPU
		{B2A8AFBB-E3F5-4E8D-AA53-7CBEC7B82388}.QAStage|Any CPU.Build.0 = Release|Any CPU
		{B2A8AFBB-E3F5-4E8D-AA53-7CBEC7B82388}.Release|Any CPU.ActiveCfg = Release|Any CPU
		{B2A8AFBB-E3F5-4E8D-AA53-7CBEC7B82388}.Release|Any CPU.Build.0 = Release|Any CPU
		{B2A8AFBB-E3F5-4E8D-AA53-7CBEC7B82388}.Stage|Any CPU.ActiveCfg = Release|Any CPU
		{B2A8AFBB-E3F5-4E8D-AA53-7CBEC7B82388}.Stage|Any CPU.Build.0 = Release|Any CPU
		{C26C786E-1D2E-452E-BA71-197D255C489E}.Basel|Any CPU.ActiveCfg = Release|Any CPU
		{C26C786E-1D2E-452E-BA71-197D255C489E}.Basel|Any CPU.Build.0 = Release|Any CPU
		{C26C786E-1D2E-452E-BA71-197D255C489E}.Debug|Any CPU.ActiveCfg = Debug|Any CPU
		{C26C786E-1D2E-452E-BA71-197D255C489E}.Debug|Any CPU.Build.0 = Debug|Any CPU
		{C26C786E-1D2E-452E-BA71-197D255C489E}.Demo|Any CPU.ActiveCfg = Debug|Any CPU
		{C26C786E-1D2E-452E-BA71-197D255C489E}.Demo|Any CPU.Build.0 = Debug|Any CPU
		{C26C786E-1D2E-452E-BA71-197D255C489E}.Dev|Any CPU.ActiveCfg = Debug|Any CPU
		{C26C786E-1D2E-452E-BA71-197D255C489E}.Dev|Any CPU.Build.0 = Debug|Any CPU
		{C26C786E-1D2E-452E-BA71-197D255C489E}.DevelopmentQA|Any CPU.ActiveCfg = Debug|Any CPU
		{C26C786E-1D2E-452E-BA71-197D255C489E}.DevelopmentQA|Any CPU.Build.0 = Debug|Any CPU
		{C26C786E-1D2E-452E-BA71-197D255C489E}.Production|Any CPU.ActiveCfg = Production|Any CPU
		{C26C786E-1D2E-452E-BA71-197D255C489E}.Production|Any CPU.Build.0 = Production|Any CPU
		{C26C786E-1D2E-452E-BA71-197D255C489E}.QA|Any CPU.ActiveCfg = QA|Any CPU
		{C26C786E-1D2E-452E-BA71-197D255C489E}.QA|Any CPU.Build.0 = QA|Any CPU
		{C26C786E-1D2E-452E-BA71-197D255C489E}.QAStage|Any CPU.ActiveCfg = Release|Any CPU
		{C26C786E-1D2E-452E-BA71-197D255C489E}.QAStage|Any CPU.Build.0 = Release|Any CPU
		{C26C786E-1D2E-452E-BA71-197D255C489E}.Release|Any CPU.ActiveCfg = Release|Any CPU
		{C26C786E-1D2E-452E-BA71-197D255C489E}.Release|Any CPU.Build.0 = Release|Any CPU
		{C26C786E-1D2E-452E-BA71-197D255C489E}.Stage|Any CPU.ActiveCfg = Release|Any CPU
		{C26C786E-1D2E-452E-BA71-197D255C489E}.Stage|Any CPU.Build.0 = Release|Any CPU
		{76C755AB-0293-406D-A1A4-A4AD7CE549BE}.Basel|Any CPU.ActiveCfg = Release|Any CPU
		{76C755AB-0293-406D-A1A4-A4AD7CE549BE}.Basel|Any CPU.Build.0 = Release|Any CPU
		{76C755AB-0293-406D-A1A4-A4AD7CE549BE}.Debug|Any CPU.ActiveCfg = Debug|Any CPU
		{76C755AB-0293-406D-A1A4-A4AD7CE549BE}.Debug|Any CPU.Build.0 = Debug|Any CPU
		{76C755AB-0293-406D-A1A4-A4AD7CE549BE}.Demo|Any CPU.ActiveCfg = Debug|Any CPU
		{76C755AB-0293-406D-A1A4-A4AD7CE549BE}.Demo|Any CPU.Build.0 = Debug|Any CPU
		{76C755AB-0293-406D-A1A4-A4AD7CE549BE}.Dev|Any CPU.ActiveCfg = Debug|Any CPU
		{76C755AB-0293-406D-A1A4-A4AD7CE549BE}.Dev|Any CPU.Build.0 = Debug|Any CPU
		{76C755AB-0293-406D-A1A4-A4AD7CE549BE}.DevelopmentQA|Any CPU.ActiveCfg = Debug|Any CPU
		{76C755AB-0293-406D-A1A4-A4AD7CE549BE}.DevelopmentQA|Any CPU.Build.0 = Debug|Any CPU
		{76C755AB-0293-406D-A1A4-A4AD7CE549BE}.Production|Any CPU.ActiveCfg = Production|Any CPU
		{76C755AB-0293-406D-A1A4-A4AD7CE549BE}.Production|Any CPU.Build.0 = Production|Any CPU
		{76C755AB-0293-406D-A1A4-A4AD7CE549BE}.QA|Any CPU.ActiveCfg = QA|Any CPU
		{76C755AB-0293-406D-A1A4-A4AD7CE549BE}.QA|Any CPU.Build.0 = QA|Any CPU
		{76C755AB-0293-406D-A1A4-A4AD7CE549BE}.QAStage|Any CPU.ActiveCfg = Release|Any CPU
		{76C755AB-0293-406D-A1A4-A4AD7CE549BE}.QAStage|Any CPU.Build.0 = Release|Any CPU
		{76C755AB-0293-406D-A1A4-A4AD7CE549BE}.Release|Any CPU.ActiveCfg = Release|Any CPU
		{76C755AB-0293-406D-A1A4-A4AD7CE549BE}.Release|Any CPU.Build.0 = Release|Any CPU
		{76C755AB-0293-406D-A1A4-A4AD7CE549BE}.Stage|Any CPU.ActiveCfg = Release|Any CPU
		{76C755AB-0293-406D-A1A4-A4AD7CE549BE}.Stage|Any CPU.Build.0 = Release|Any CPU
		{FAEC5642-926B-4140-B468-7B800087C7FB}.Basel|Any CPU.ActiveCfg = Release|Any CPU
		{FAEC5642-926B-4140-B468-7B800087C7FB}.Basel|Any CPU.Build.0 = Release|Any CPU
		{FAEC5642-926B-4140-B468-7B800087C7FB}.Debug|Any CPU.ActiveCfg = Debug|Any CPU
		{FAEC5642-926B-4140-B468-7B800087C7FB}.Debug|Any CPU.Build.0 = Debug|Any CPU
		{FAEC5642-926B-4140-B468-7B800087C7FB}.Demo|Any CPU.ActiveCfg = Debug|Any CPU
		{FAEC5642-926B-4140-B468-7B800087C7FB}.Demo|Any CPU.Build.0 = Debug|Any CPU
		{FAEC5642-926B-4140-B468-7B800087C7FB}.Dev|Any CPU.ActiveCfg = Debug|Any CPU
		{FAEC5642-926B-4140-B468-7B800087C7FB}.Dev|Any CPU.Build.0 = Debug|Any CPU
		{FAEC5642-926B-4140-B468-7B800087C7FB}.DevelopmentQA|Any CPU.ActiveCfg = Debug|Any CPU
		{FAEC5642-926B-4140-B468-7B800087C7FB}.DevelopmentQA|Any CPU.Build.0 = Debug|Any CPU
		{FAEC5642-926B-4140-B468-7B800087C7FB}.Production|Any CPU.ActiveCfg = Production|Any CPU
		{FAEC5642-926B-4140-B468-7B800087C7FB}.Production|Any CPU.Build.0 = Production|Any CPU
		{FAEC5642-926B-4140-B468-7B800087C7FB}.QA|Any CPU.ActiveCfg = QA|Any CPU
		{FAEC5642-926B-4140-B468-7B800087C7FB}.QA|Any CPU.Build.0 = QA|Any CPU
		{FAEC5642-926B-4140-B468-7B800087C7FB}.QAStage|Any CPU.ActiveCfg = Release|Any CPU
		{FAEC5642-926B-4140-B468-7B800087C7FB}.QAStage|Any CPU.Build.0 = Release|Any CPU
		{FAEC5642-926B-4140-B468-7B800087C7FB}.Release|Any CPU.ActiveCfg = Release|Any CPU
		{FAEC5642-926B-4140-B468-7B800087C7FB}.Release|Any CPU.Build.0 = Release|Any CPU
		{FAEC5642-926B-4140-B468-7B800087C7FB}.Stage|Any CPU.ActiveCfg = Release|Any CPU
		{FAEC5642-926B-4140-B468-7B800087C7FB}.Stage|Any CPU.Build.0 = Release|Any CPU
		{48E0898D-26FC-4778-B010-D147AE087EE7}.Basel|Any CPU.ActiveCfg = Release|Any CPU
		{48E0898D-26FC-4778-B010-D147AE087EE7}.Basel|Any CPU.Build.0 = Release|Any CPU
		{48E0898D-26FC-4778-B010-D147AE087EE7}.Debug|Any CPU.ActiveCfg = Debug|Any CPU
		{48E0898D-26FC-4778-B010-D147AE087EE7}.Debug|Any CPU.Build.0 = Debug|Any CPU
		{48E0898D-26FC-4778-B010-D147AE087EE7}.Demo|Any CPU.ActiveCfg = Debug|Any CPU
		{48E0898D-26FC-4778-B010-D147AE087EE7}.Demo|Any CPU.Build.0 = Debug|Any CPU
		{48E0898D-26FC-4778-B010-D147AE087EE7}.Dev|Any CPU.ActiveCfg = Debug|Any CPU
		{48E0898D-26FC-4778-B010-D147AE087EE7}.Dev|Any CPU.Build.0 = Debug|Any CPU
		{48E0898D-26FC-4778-B010-D147AE087EE7}.DevelopmentQA|Any CPU.ActiveCfg = Debug|Any CPU
		{48E0898D-26FC-4778-B010-D147AE087EE7}.DevelopmentQA|Any CPU.Build.0 = Debug|Any CPU
		{48E0898D-26FC-4778-B010-D147AE087EE7}.Production|Any CPU.ActiveCfg = Production|Any CPU
		{48E0898D-26FC-4778-B010-D147AE087EE7}.Production|Any CPU.Build.0 = Production|Any CPU
		{48E0898D-26FC-4778-B010-D147AE087EE7}.QA|Any CPU.ActiveCfg = QA|Any CPU
		{48E0898D-26FC-4778-B010-D147AE087EE7}.QA|Any CPU.Build.0 = QA|Any CPU
		{48E0898D-26FC-4778-B010-D147AE087EE7}.QAStage|Any CPU.ActiveCfg = Release|Any CPU
		{48E0898D-26FC-4778-B010-D147AE087EE7}.QAStage|Any CPU.Build.0 = Release|Any CPU
		{48E0898D-26FC-4778-B010-D147AE087EE7}.Release|Any CPU.ActiveCfg = Release|Any CPU
		{48E0898D-26FC-4778-B010-D147AE087EE7}.Release|Any CPU.Build.0 = Release|Any CPU
		{48E0898D-26FC-4778-B010-D147AE087EE7}.Stage|Any CPU.ActiveCfg = Release|Any CPU
		{48E0898D-26FC-4778-B010-D147AE087EE7}.Stage|Any CPU.Build.0 = Release|Any CPU
		{F2DDC6B2-A515-4AA5-AD55-E20DE32866DD}.Basel|Any CPU.ActiveCfg = Release|Any CPU
		{F2DDC6B2-A515-4AA5-AD55-E20DE32866DD}.Basel|Any CPU.Build.0 = Release|Any CPU
		{F2DDC6B2-A515-4AA5-AD55-E20DE32866DD}.Debug|Any CPU.ActiveCfg = Debug|Any CPU
		{F2DDC6B2-A515-4AA5-AD55-E20DE32866DD}.Debug|Any CPU.Build.0 = Debug|Any CPU
		{F2DDC6B2-A515-4AA5-AD55-E20DE32866DD}.Demo|Any CPU.ActiveCfg = Debug|Any CPU
		{F2DDC6B2-A515-4AA5-AD55-E20DE32866DD}.Demo|Any CPU.Build.0 = Debug|Any CPU
		{F2DDC6B2-A515-4AA5-AD55-E20DE32866DD}.Dev|Any CPU.ActiveCfg = Debug|Any CPU
		{F2DDC6B2-A515-4AA5-AD55-E20DE32866DD}.Dev|Any CPU.Build.0 = Debug|Any CPU
		{F2DDC6B2-A515-4AA5-AD55-E20DE32866DD}.DevelopmentQA|Any CPU.ActiveCfg = Debug|Any CPU
		{F2DDC6B2-A515-4AA5-AD55-E20DE32866DD}.DevelopmentQA|Any CPU.Build.0 = Debug|Any CPU
		{F2DDC6B2-A515-4AA5-AD55-E20DE32866DD}.Production|Any CPU.ActiveCfg = Production|Any CPU
		{F2DDC6B2-A515-4AA5-AD55-E20DE32866DD}.Production|Any CPU.Build.0 = Production|Any CPU
		{F2DDC6B2-A515-4AA5-AD55-E20DE32866DD}.QA|Any CPU.ActiveCfg = QA|Any CPU
		{F2DDC6B2-A515-4AA5-AD55-E20DE32866DD}.QA|Any CPU.Build.0 = QA|Any CPU
		{F2DDC6B2-A515-4AA5-AD55-E20DE32866DD}.QAStage|Any CPU.ActiveCfg = Release|Any CPU
		{F2DDC6B2-A515-4AA5-AD55-E20DE32866DD}.QAStage|Any CPU.Build.0 = Release|Any CPU
		{F2DDC6B2-A515-4AA5-AD55-E20DE32866DD}.Release|Any CPU.ActiveCfg = Release|Any CPU
		{F2DDC6B2-A515-4AA5-AD55-E20DE32866DD}.Release|Any CPU.Build.0 = Release|Any CPU
		{F2DDC6B2-A515-4AA5-AD55-E20DE32866DD}.Stage|Any CPU.ActiveCfg = Release|Any CPU
		{F2DDC6B2-A515-4AA5-AD55-E20DE32866DD}.Stage|Any CPU.Build.0 = Release|Any CPU
		{6B850E01-42E2-4F89-A654-48EBB1867DFB}.Basel|Any CPU.ActiveCfg = Release|Any CPU
		{6B850E01-42E2-4F89-A654-48EBB1867DFB}.Basel|Any CPU.Build.0 = Release|Any CPU
		{6B850E01-42E2-4F89-A654-48EBB1867DFB}.Debug|Any CPU.ActiveCfg = Debug|Any CPU
		{6B850E01-42E2-4F89-A654-48EBB1867DFB}.Debug|Any CPU.Build.0 = Debug|Any CPU
		{6B850E01-42E2-4F89-A654-48EBB1867DFB}.Demo|Any CPU.ActiveCfg = Debug|Any CPU
		{6B850E01-42E2-4F89-A654-48EBB1867DFB}.Demo|Any CPU.Build.0 = Debug|Any CPU
		{6B850E01-42E2-4F89-A654-48EBB1867DFB}.Dev|Any CPU.ActiveCfg = Debug|Any CPU
		{6B850E01-42E2-4F89-A654-48EBB1867DFB}.Dev|Any CPU.Build.0 = Debug|Any CPU
		{6B850E01-42E2-4F89-A654-48EBB1867DFB}.DevelopmentQA|Any CPU.ActiveCfg = Debug|Any CPU
		{6B850E01-42E2-4F89-A654-48EBB1867DFB}.DevelopmentQA|Any CPU.Build.0 = Debug|Any CPU
		{6B850E01-42E2-4F89-A654-48EBB1867DFB}.Production|Any CPU.ActiveCfg = Production|Any CPU
		{6B850E01-42E2-4F89-A654-48EBB1867DFB}.Production|Any CPU.Build.0 = Production|Any CPU
		{6B850E01-42E2-4F89-A654-48EBB1867DFB}.QA|Any CPU.ActiveCfg = QA|Any CPU
		{6B850E01-42E2-4F89-A654-48EBB1867DFB}.QA|Any CPU.Build.0 = QA|Any CPU
		{6B850E01-42E2-4F89-A654-48EBB1867DFB}.QAStage|Any CPU.ActiveCfg = Release|Any CPU
		{6B850E01-42E2-4F89-A654-48EBB1867DFB}.QAStage|Any CPU.Build.0 = Release|Any CPU
		{6B850E01-42E2-4F89-A654-48EBB1867DFB}.Release|Any CPU.ActiveCfg = Release|Any CPU
		{6B850E01-42E2-4F89-A654-48EBB1867DFB}.Release|Any CPU.Build.0 = Release|Any CPU
		{6B850E01-42E2-4F89-A654-48EBB1867DFB}.Stage|Any CPU.ActiveCfg = Release|Any CPU
		{6B850E01-42E2-4F89-A654-48EBB1867DFB}.Stage|Any CPU.Build.0 = Release|Any CPU
		{A16D8D09-284F-4D9C-AA28-BE1FF38F5FF6}.Basel|Any CPU.ActiveCfg = Release|Any CPU
		{A16D8D09-284F-4D9C-AA28-BE1FF38F5FF6}.Basel|Any CPU.Build.0 = Release|Any CPU
		{A16D8D09-284F-4D9C-AA28-BE1FF38F5FF6}.Debug|Any CPU.ActiveCfg = Debug|Any CPU
		{A16D8D09-284F-4D9C-AA28-BE1FF38F5FF6}.Debug|Any CPU.Build.0 = Debug|Any CPU
		{A16D8D09-284F-4D9C-AA28-BE1FF38F5FF6}.Demo|Any CPU.ActiveCfg = Debug|Any CPU
		{A16D8D09-284F-4D9C-AA28-BE1FF38F5FF6}.Demo|Any CPU.Build.0 = Debug|Any CPU
		{A16D8D09-284F-4D9C-AA28-BE1FF38F5FF6}.Dev|Any CPU.ActiveCfg = Debug|Any CPU
		{A16D8D09-284F-4D9C-AA28-BE1FF38F5FF6}.Dev|Any CPU.Build.0 = Debug|Any CPU
		{A16D8D09-284F-4D9C-AA28-BE1FF38F5FF6}.DevelopmentQA|Any CPU.ActiveCfg = Debug|Any CPU
		{A16D8D09-284F-4D9C-AA28-BE1FF38F5FF6}.DevelopmentQA|Any CPU.Build.0 = Debug|Any CPU
		{A16D8D09-284F-4D9C-AA28-BE1FF38F5FF6}.Production|Any CPU.ActiveCfg = Production|Any CPU
		{A16D8D09-284F-4D9C-AA28-BE1FF38F5FF6}.Production|Any CPU.Build.0 = Production|Any CPU
		{A16D8D09-284F-4D9C-AA28-BE1FF38F5FF6}.QA|Any CPU.ActiveCfg = QA|Any CPU
		{A16D8D09-284F-4D9C-AA28-BE1FF38F5FF6}.QA|Any CPU.Build.0 = QA|Any CPU
		{A16D8D09-284F-4D9C-AA28-BE1FF38F5FF6}.QAStage|Any CPU.ActiveCfg = Release|Any CPU
		{A16D8D09-284F-4D9C-AA28-BE1FF38F5FF6}.QAStage|Any CPU.Build.0 = Release|Any CPU
		{A16D8D09-284F-4D9C-AA28-BE1FF38F5FF6}.Release|Any CPU.ActiveCfg = Release|Any CPU
		{A16D8D09-284F-4D9C-AA28-BE1FF38F5FF6}.Release|Any CPU.Build.0 = Release|Any CPU
		{A16D8D09-284F-4D9C-AA28-BE1FF38F5FF6}.Stage|Any CPU.ActiveCfg = Release|Any CPU
		{A16D8D09-284F-4D9C-AA28-BE1FF38F5FF6}.Stage|Any CPU.Build.0 = Release|Any CPU
		{5EFAE61D-FBD2-4CD6-9483-C22987BA75A4}.Basel|Any CPU.ActiveCfg = Release|Any CPU
		{5EFAE61D-FBD2-4CD6-9483-C22987BA75A4}.Basel|Any CPU.Build.0 = Release|Any CPU
		{5EFAE61D-FBD2-4CD6-9483-C22987BA75A4}.Debug|Any CPU.ActiveCfg = Debug|Any CPU
		{5EFAE61D-FBD2-4CD6-9483-C22987BA75A4}.Debug|Any CPU.Build.0 = Debug|Any CPU
		{5EFAE61D-FBD2-4CD6-9483-C22987BA75A4}.Demo|Any CPU.ActiveCfg = Debug|Any CPU
		{5EFAE61D-FBD2-4CD6-9483-C22987BA75A4}.Demo|Any CPU.Build.0 = Debug|Any CPU
		{5EFAE61D-FBD2-4CD6-9483-C22987BA75A4}.Dev|Any CPU.ActiveCfg = Debug|Any CPU
		{5EFAE61D-FBD2-4CD6-9483-C22987BA75A4}.Dev|Any CPU.Build.0 = Debug|Any CPU
		{5EFAE61D-FBD2-4CD6-9483-C22987BA75A4}.DevelopmentQA|Any CPU.ActiveCfg = Debug|Any CPU
		{5EFAE61D-FBD2-4CD6-9483-C22987BA75A4}.DevelopmentQA|Any CPU.Build.0 = Debug|Any CPU
		{5EFAE61D-FBD2-4CD6-9483-C22987BA75A4}.Production|Any CPU.ActiveCfg = Production|Any CPU
		{5EFAE61D-FBD2-4CD6-9483-C22987BA75A4}.Production|Any CPU.Build.0 = Production|Any CPU
		{5EFAE61D-FBD2-4CD6-9483-C22987BA75A4}.QA|Any CPU.ActiveCfg = QA|Any CPU
		{5EFAE61D-FBD2-4CD6-9483-C22987BA75A4}.QA|Any CPU.Build.0 = QA|Any CPU
		{5EFAE61D-FBD2-4CD6-9483-C22987BA75A4}.QAStage|Any CPU.ActiveCfg = Release|Any CPU
		{5EFAE61D-FBD2-4CD6-9483-C22987BA75A4}.QAStage|Any CPU.Build.0 = Release|Any CPU
		{5EFAE61D-FBD2-4CD6-9483-C22987BA75A4}.Release|Any CPU.ActiveCfg = Release|Any CPU
		{5EFAE61D-FBD2-4CD6-9483-C22987BA75A4}.Release|Any CPU.Build.0 = Release|Any CPU
		{5EFAE61D-FBD2-4CD6-9483-C22987BA75A4}.Stage|Any CPU.ActiveCfg = Release|Any CPU
		{5EFAE61D-FBD2-4CD6-9483-C22987BA75A4}.Stage|Any CPU.Build.0 = Release|Any CPU
	EndGlobalSection
	GlobalSection(SolutionProperties) = preSolution
		HideSolutionNode = FALSE
	EndGlobalSection
	GlobalSection(NestedProjects) = preSolution
		{7CB1259C-112D-461B-A940-7379618DC5CA} = {5A8714AC-6C0F-4B89-82C4-60F7A6CE1C5B}
		{536B77F8-FFB7-4DE1-9C05-B1464D9EA673} = {5A8714AC-6C0F-4B89-82C4-60F7A6CE1C5B}
		{34BFF228-8677-431B-93C1-428BDF6C1CE9} = {6796E527-2406-4057-8988-39529CE0DF3D}
		{1981AB7A-F2F4-4828-8472-48217139EA32} = {6796E527-2406-4057-8988-39529CE0DF3D}
		{BD1617A5-3651-4BE2-B5F3-E249829ECC94} = {F63ED465-7AD8-43E6-B0C6-465D88D9FEBB}
		{E2C867C0-91A8-4F02-8476-B134EFC24E2A} = {F63ED465-7AD8-43E6-B0C6-465D88D9FEBB}
		{E08BDA0E-A27D-4D7A-B73B-56B2F0652F29} = {F1B8148C-C478-438E-8F26-57E717F24899}
		{9553E06C-6ACA-4A6D-B31B-1544CD10EACE} = {F1B8148C-C478-438E-8F26-57E717F24899}
		{47BC5D0C-F6C7-4C86-9F71-DFFD66CEA359} = {F1B8148C-C478-438E-8F26-57E717F24899}
		{6AD48913-6E5E-442C-A41F-E73942A97657} = {2064E1F2-1FE0-47FE-834B-B4D3ECA2E6B1}
		{7623684A-6EA0-44CF-9C5F-4C507662124E} = {2064E1F2-1FE0-47FE-834B-B4D3ECA2E6B1}
		{5334402E-3014-4C20-B96E-8E9DF60DFC0A} = {F1B8148C-C478-438E-8F26-57E717F24899}
		{C6871E42-8060-4F57-9037-FF89CDB533CA} = {5A8714AC-6C0F-4B89-82C4-60F7A6CE1C5B}
		{52CC7CA2-254F-49E0-AE45-FFA426DA4289} = {2064E1F2-1FE0-47FE-834B-B4D3ECA2E6B1}
		{0CF20C80-ADFC-4385-9708-92CCEE79553E} = {71F31AE8-C763-4F65-BF25-A3EE28668CC7}
		{426843CB-3BAE-411D-A40F-EF9A109F97FC} = {71F31AE8-C763-4F65-BF25-A3EE28668CC7}
		{3C8E43EA-F4FD-435C-A713-4C6DBC7D9689} = {D960BC30-13BF-41F0-8AA2-03CC5F5743F1}
		{83A6B545-C6B5-4805-A5D6-74C3FF7E573E} = {D960BC30-13BF-41F0-8AA2-03CC5F5743F1}
		{B2A8AFBB-E3F5-4E8D-AA53-7CBEC7B82388} = {BFE82B7A-4BDD-4319-B518-BB795AF636BD}
		{C26C786E-1D2E-452E-BA71-197D255C489E} = {BFE82B7A-4BDD-4319-B518-BB795AF636BD}
		{76C755AB-0293-406D-A1A4-A4AD7CE549BE} = {D960BC30-13BF-41F0-8AA2-03CC5F5743F1}
		{FAEC5642-926B-4140-B468-7B800087C7FB} = {D960BC30-13BF-41F0-8AA2-03CC5F5743F1}
		{48E0898D-26FC-4778-B010-D147AE087EE7} = {CEFFB394-E2B8-45FD-961D-AA3260C37B39}
		{F2DDC6B2-A515-4AA5-AD55-E20DE32866DD} = {CEFFB394-E2B8-45FD-961D-AA3260C37B39}
		{6B850E01-42E2-4F89-A654-48EBB1867DFB} = {914A815E-2D14-41B0-9EAC-FDE15F64C37B}
		{A16D8D09-284F-4D9C-AA28-BE1FF38F5FF6} = {914A815E-2D14-41B0-9EAC-FDE15F64C37B}
	EndGlobalSection
	GlobalSection(ExtensibilityGlobals) = postSolution
		SolutionGuid = {EE0A4716-6649-4189-B79C-8FBC96D77CC3}
	EndGlobalSection
	GlobalSection(Performance) = preSolution
		HasPerformanceSessions = true
	EndGlobalSection
EndGlobal
